// !$*UTF8*$!
{
	archiveVersion = 1;
	classes = {
	};
	objectVersion = 55;
	objects = {

/* Begin PBXBuildFile section */
		FA1630F6291A1CE00092721A /* SettingsViewController.swift in Sources */ = {isa = PBXBuildFile; fileRef = FA1630F5291A1CE00092721A /* SettingsViewController.swift */; };
		FA1630F8291A351B0092721A /* DeleteAccountViewController.swift in Sources */ = {isa = PBXBuildFile; fileRef = FA1630F7291A351B0092721A /* DeleteAccountViewController.swift */; };
		FA1630FA291A58FC0092721A /* HomeMoodCell.swift in Sources */ = {isa = PBXBuildFile; fileRef = FA1630F9291A58FC0092721A /* HomeMoodCell.swift */; };
		FA1CC9BE29268F6A00CDA101 /* DayHeader.swift in Sources */ = {isa = PBXBuildFile; fileRef = FA1CC9BD29268F6A00CDA101 /* DayHeader.swift */; };
		FA1CC9C0292692A400CDA101 /* DayOverviewViewController.swift in Sources */ = {isa = PBXBuildFile; fileRef = FA1CC9BF292692A400CDA101 /* DayOverviewViewController.swift */; };
		FA1CC9C329269FEA00CDA101 /* Charts in Frameworks */ = {isa = PBXBuildFile; productRef = FA1CC9C229269FEA00CDA101 /* Charts */; };
		FA20D5DD290B9F8F0068332C /* AppDelegate.swift in Sources */ = {isa = PBXBuildFile; fileRef = FA20D5DC290B9F8F0068332C /* AppDelegate.swift */; };
		FA20D5DF290B9F8F0068332C /* SceneDelegate.swift in Sources */ = {isa = PBXBuildFile; fileRef = FA20D5DE290B9F8F0068332C /* SceneDelegate.swift */; };
		FA20D5E1290B9F8F0068332C /* WelcomeViewController.swift in Sources */ = {isa = PBXBuildFile; fileRef = FA20D5E0290B9F8F0068332C /* WelcomeViewController.swift */; };
		FA20D5E6290B9FA60068332C /* Assets.xcassets in Resources */ = {isa = PBXBuildFile; fileRef = FA20D5E5290B9FA60068332C /* Assets.xcassets */; };
		FA20D5E9290B9FA60068332C /* LaunchScreen.storyboard in Resources */ = {isa = PBXBuildFile; fileRef = FA20D5E7290B9FA60068332C /* LaunchScreen.storyboard */; };
		FA20D5F4290B9FA90068332C /* MoodTrackerTests.swift in Sources */ = {isa = PBXBuildFile; fileRef = FA20D5F3290B9FA90068332C /* MoodTrackerTests.swift */; };
		FA20D5FE290B9FAA0068332C /* MoodTrackerUITests.swift in Sources */ = {isa = PBXBuildFile; fileRef = FA20D5FD290B9FAA0068332C /* MoodTrackerUITests.swift */; };
		FA20D600290B9FAA0068332C /* MoodTrackerUITestsLaunchTests.swift in Sources */ = {isa = PBXBuildFile; fileRef = FA20D5FF290B9FAA0068332C /* MoodTrackerUITestsLaunchTests.swift */; };
		FA3B565F290BB0A300FBA068 /* FredokaOne-Regular.ttf in Resources */ = {isa = PBXBuildFile; fileRef = FA3B565E290BB0A300FBA068 /* FredokaOne-Regular.ttf */; };
		FA3B5662290BB48A00FBA068 /* GoogleService-Info.plist in Resources */ = {isa = PBXBuildFile; fileRef = FA3B5661290BB48A00FBA068 /* GoogleService-Info.plist */; };
		FA3B5665290BB6EC00FBA068 /* FirebaseAnalytics in Frameworks */ = {isa = PBXBuildFile; productRef = FA3B5664290BB6EC00FBA068 /* FirebaseAnalytics */; };
		FA3B5667290BB6EC00FBA068 /* FirebaseAuth in Frameworks */ = {isa = PBXBuildFile; productRef = FA3B5666290BB6EC00FBA068 /* FirebaseAuth */; };
		FA3B5669290BB6EC00FBA068 /* FirebaseFirestore in Frameworks */ = {isa = PBXBuildFile; productRef = FA3B5668290BB6EC00FBA068 /* FirebaseFirestore */; };
		FA3B566B290BBCDE00FBA068 /* CustomViews.swift in Sources */ = {isa = PBXBuildFile; fileRef = FA3B566A290BBCDE00FBA068 /* CustomViews.swift */; };
		FA492A892917845A00E92F9A /* LoginViewController.swift in Sources */ = {isa = PBXBuildFile; fileRef = FA492A882917845A00E92F9A /* LoginViewController.swift */; };
		FA492A8B2917AB4200E92F9A /* NavVC.swift in Sources */ = {isa = PBXBuildFile; fileRef = FA492A8A2917AB4200E92F9A /* NavVC.swift */; };
		FA492A8D2917AC7600E92F9A /* HomeViewController.swift in Sources */ = {isa = PBXBuildFile; fileRef = FA492A8C2917AC7600E92F9A /* HomeViewController.swift */; };
		FA492A8F2917B91800E92F9A /* CreateAccountViewController.swift in Sources */ = {isa = PBXBuildFile; fileRef = FA492A8E2917B91800E92F9A /* CreateAccountViewController.swift */; };
		FA492A912917DD2400E92F9A /* SelectMoodsViewController.swift in Sources */ = {isa = PBXBuildFile; fileRef = FA492A902917DD2400E92F9A /* SelectMoodsViewController.swift */; };
		FA492A942917E23100E92F9A /* Moods.swift in Sources */ = {isa = PBXBuildFile; fileRef = FA492A932917E23100E92F9A /* Moods.swift */; };
		FA492A962917F80E00E92F9A /* Colors.swift in Sources */ = {isa = PBXBuildFile; fileRef = FA492A952917F80E00E92F9A /* Colors.swift */; };
		FA492A98291822FE00E92F9A /* AddItemViewController.swift in Sources */ = {isa = PBXBuildFile; fileRef = FA492A97291822FE00E92F9A /* AddItemViewController.swift */; };
		FA492A9A2918964400E92F9A /* Mood.swift in Sources */ = {isa = PBXBuildFile; fileRef = FA492A992918964400E92F9A /* Mood.swift */; };
		FA492A9C2918A22F00E92F9A /* AuthManager.swift in Sources */ = {isa = PBXBuildFile; fileRef = FA492A9B2918A22F00E92F9A /* AuthManager.swift */; };
		FA492A9E2918C21700E92F9A /* MoodsItem.swift in Sources */ = {isa = PBXBuildFile; fileRef = FA492A9D2918C21700E92F9A /* MoodsItem.swift */; };
		FA492AA02919506F00E92F9A /* MoodsManager.swift in Sources */ = {isa = PBXBuildFile; fileRef = FA492A9F2919506F00E92F9A /* MoodsManager.swift */; };
		FA492AA9291951A800E92F9A /* HomeItemCell.swift in Sources */ = {isa = PBXBuildFile; fileRef = FA492AA8291951A800E92F9A /* HomeItemCell.swift */; };
		FA492AAB291951D900E92F9A /* MoodCollectionCell.swift in Sources */ = {isa = PBXBuildFile; fileRef = FA492AAA291951D900E92F9A /* MoodCollectionCell.swift */; };
		FA7F42D0291D756D00C6EA2C /* GetAffirmationView.swift in Sources */ = {isa = PBXBuildFile; fileRef = FA7F42CF291D756D00C6EA2C /* GetAffirmationView.swift */; };
		FA7F42D3291D78E300C6EA2C /* Quote.swift in Sources */ = {isa = PBXBuildFile; fileRef = FA7F42D2291D78E300C6EA2C /* Quote.swift */; };
		FAB46A252986503100959A7E /* AdSupport.framework in Frameworks */ = {isa = PBXBuildFile; fileRef = FAB46A242986503100959A7E /* AdSupport.framework */; };
		FAFA4489297E7A4F0068B4A8 /* EditItemViewController.swift in Sources */ = {isa = PBXBuildFile; fileRef = FAFA4488297E7A4F0068B4A8 /* EditItemViewController.swift */; };
		FAFA448B297E89760068B4A8 /* EditMoodCell.swift in Sources */ = {isa = PBXBuildFile; fileRef = FAFA448A297E89760068B4A8 /* EditMoodCell.swift */; };
		FAFA448E297F75590068B4A8 /* FacebookCore in Frameworks */ = {isa = PBXBuildFile; productRef = FAFA448D297F75590068B4A8 /* FacebookCore */; };
		FAFA4490297F75590068B4A8 /* FacebookLogin in Frameworks */ = {isa = PBXBuildFile; productRef = FAFA448F297F75590068B4A8 /* FacebookLogin */; };
		FAFA4494297F89B20068B4A8 /* GoogleSignIn in Frameworks */ = {isa = PBXBuildFile; productRef = FAFA4493297F89B20068B4A8 /* GoogleSignIn */; };
		FAFA449D297FEE460068B4A8 /* EditMoodsViewController.swift in Sources */ = {isa = PBXBuildFile; fileRef = FAFA449C297FEE460068B4A8 /* EditMoodsViewController.swift */; };
/* End PBXBuildFile section */

/* Begin PBXContainerItemProxy section */
		FA20D5F0290B9FA90068332C /* PBXContainerItemProxy */ = {
			isa = PBXContainerItemProxy;
			containerPortal = FA20D5D1290B9F8E0068332C /* Project object */;
			proxyType = 1;
			remoteGlobalIDString = FA20D5D8290B9F8F0068332C;
			remoteInfo = MoodTracker;
		};
		FA20D5FA290B9FAA0068332C /* PBXContainerItemProxy */ = {
			isa = PBXContainerItemProxy;
			containerPortal = FA20D5D1290B9F8E0068332C /* Project object */;
			proxyType = 1;
			remoteGlobalIDString = FA20D5D8290B9F8F0068332C;
			remoteInfo = MoodTracker;
		};
/* End PBXContainerItemProxy section */

/* Begin PBXFileReference section */
		FA1630F5291A1CE00092721A /* SettingsViewController.swift */ = {isa = PBXFileReference; lastKnownFileType = sourcecode.swift; path = SettingsViewController.swift; sourceTree = "<group>"; };
		FA1630F7291A351B0092721A /* DeleteAccountViewController.swift */ = {isa = PBXFileReference; lastKnownFileType = sourcecode.swift; path = DeleteAccountViewController.swift; sourceTree = "<group>"; };
		FA1630F9291A58FC0092721A /* HomeMoodCell.swift */ = {isa = PBXFileReference; lastKnownFileType = sourcecode.swift; path = HomeMoodCell.swift; sourceTree = "<group>"; };
		FA1CC9BD29268F6A00CDA101 /* DayHeader.swift */ = {isa = PBXFileReference; lastKnownFileType = sourcecode.swift; path = DayHeader.swift; sourceTree = "<group>"; };
		FA1CC9BF292692A400CDA101 /* DayOverviewViewController.swift */ = {isa = PBXFileReference; lastKnownFileType = sourcecode.swift; path = DayOverviewViewController.swift; sourceTree = "<group>"; };
		FA20D5D9290B9F8F0068332C /* MoodTracker.app */ = {isa = PBXFileReference; explicitFileType = wrapper.application; includeInIndex = 0; path = MoodTracker.app; sourceTree = BUILT_PRODUCTS_DIR; };
		FA20D5DC290B9F8F0068332C /* AppDelegate.swift */ = {isa = PBXFileReference; lastKnownFileType = sourcecode.swift; path = AppDelegate.swift; sourceTree = "<group>"; };
		FA20D5DE290B9F8F0068332C /* SceneDelegate.swift */ = {isa = PBXFileReference; lastKnownFileType = sourcecode.swift; path = SceneDelegate.swift; sourceTree = "<group>"; };
		FA20D5E0290B9F8F0068332C /* WelcomeViewController.swift */ = {isa = PBXFileReference; lastKnownFileType = sourcecode.swift; path = WelcomeViewController.swift; sourceTree = "<group>"; };
		FA20D5E5290B9FA60068332C /* Assets.xcassets */ = {isa = PBXFileReference; lastKnownFileType = folder.assetcatalog; path = Assets.xcassets; sourceTree = "<group>"; };
		FA20D5E8290B9FA60068332C /* Base */ = {isa = PBXFileReference; lastKnownFileType = file.storyboard; name = Base; path = Base.lproj/LaunchScreen.storyboard; sourceTree = "<group>"; };
		FA20D5EF290B9FA90068332C /* MoodTrackerTests.xctest */ = {isa = PBXFileReference; explicitFileType = wrapper.cfbundle; includeInIndex = 0; path = MoodTrackerTests.xctest; sourceTree = BUILT_PRODUCTS_DIR; };
		FA20D5F3290B9FA90068332C /* MoodTrackerTests.swift */ = {isa = PBXFileReference; lastKnownFileType = sourcecode.swift; path = MoodTrackerTests.swift; sourceTree = "<group>"; };
		FA20D5F9290B9FAA0068332C /* MoodTrackerUITests.xctest */ = {isa = PBXFileReference; explicitFileType = wrapper.cfbundle; includeInIndex = 0; path = MoodTrackerUITests.xctest; sourceTree = BUILT_PRODUCTS_DIR; };
		FA20D5FD290B9FAA0068332C /* MoodTrackerUITests.swift */ = {isa = PBXFileReference; lastKnownFileType = sourcecode.swift; path = MoodTrackerUITests.swift; sourceTree = "<group>"; };
		FA20D5FF290B9FAA0068332C /* MoodTrackerUITestsLaunchTests.swift */ = {isa = PBXFileReference; lastKnownFileType = sourcecode.swift; path = MoodTrackerUITestsLaunchTests.swift; sourceTree = "<group>"; };
		FA3B565E290BB0A300FBA068 /* FredokaOne-Regular.ttf */ = {isa = PBXFileReference; lastKnownFileType = file; path = "FredokaOne-Regular.ttf"; sourceTree = "<group>"; };
		FA3B5661290BB48A00FBA068 /* GoogleService-Info.plist */ = {isa = PBXFileReference; fileEncoding = 4; lastKnownFileType = text.plist.xml; path = "GoogleService-Info.plist"; sourceTree = "<group>"; };
		FA3B566A290BBCDE00FBA068 /* CustomViews.swift */ = {isa = PBXFileReference; lastKnownFileType = sourcecode.swift; path = CustomViews.swift; sourceTree = "<group>"; };
		FA492A882917845A00E92F9A /* LoginViewController.swift */ = {isa = PBXFileReference; lastKnownFileType = sourcecode.swift; path = LoginViewController.swift; sourceTree = "<group>"; };
		FA492A8A2917AB4200E92F9A /* NavVC.swift */ = {isa = PBXFileReference; lastKnownFileType = sourcecode.swift; path = NavVC.swift; sourceTree = "<group>"; };
		FA492A8C2917AC7600E92F9A /* HomeViewController.swift */ = {isa = PBXFileReference; lastKnownFileType = sourcecode.swift; path = HomeViewController.swift; sourceTree = "<group>"; };
		FA492A8E2917B91800E92F9A /* CreateAccountViewController.swift */ = {isa = PBXFileReference; lastKnownFileType = sourcecode.swift; path = CreateAccountViewController.swift; sourceTree = "<group>"; };
		FA492A902917DD2400E92F9A /* SelectMoodsViewController.swift */ = {isa = PBXFileReference; lastKnownFileType = sourcecode.swift; path = SelectMoodsViewController.swift; sourceTree = "<group>"; };
		FA492A922917DDF600E92F9A /* Moods.md */ = {isa = PBXFileReference; lastKnownFileType = net.daringfireball.markdown; path = Moods.md; sourceTree = "<group>"; };
		FA492A932917E23100E92F9A /* Moods.swift */ = {isa = PBXFileReference; lastKnownFileType = sourcecode.swift; path = Moods.swift; sourceTree = "<group>"; };
		FA492A952917F80E00E92F9A /* Colors.swift */ = {isa = PBXFileReference; lastKnownFileType = sourcecode.swift; path = Colors.swift; sourceTree = "<group>"; };
		FA492A97291822FE00E92F9A /* AddItemViewController.swift */ = {isa = PBXFileReference; lastKnownFileType = sourcecode.swift; path = AddItemViewController.swift; sourceTree = "<group>"; };
		FA492A992918964400E92F9A /* Mood.swift */ = {isa = PBXFileReference; lastKnownFileType = sourcecode.swift; path = Mood.swift; sourceTree = "<group>"; };
		FA492A9B2918A22F00E92F9A /* AuthManager.swift */ = {isa = PBXFileReference; lastKnownFileType = sourcecode.swift; path = AuthManager.swift; sourceTree = "<group>"; };
		FA492A9D2918C21700E92F9A /* MoodsItem.swift */ = {isa = PBXFileReference; lastKnownFileType = sourcecode.swift; path = MoodsItem.swift; sourceTree = "<group>"; };
		FA492A9F2919506F00E92F9A /* MoodsManager.swift */ = {isa = PBXFileReference; lastKnownFileType = sourcecode.swift; path = MoodsManager.swift; sourceTree = "<group>"; };
		FA492AA8291951A800E92F9A /* HomeItemCell.swift */ = {isa = PBXFileReference; lastKnownFileType = sourcecode.swift; path = HomeItemCell.swift; sourceTree = "<group>"; };
		FA492AAA291951D900E92F9A /* MoodCollectionCell.swift */ = {isa = PBXFileReference; lastKnownFileType = sourcecode.swift; path = MoodCollectionCell.swift; sourceTree = "<group>"; };
		FA7F42CF291D756D00C6EA2C /* GetAffirmationView.swift */ = {isa = PBXFileReference; lastKnownFileType = sourcecode.swift; path = GetAffirmationView.swift; sourceTree = "<group>"; };
		FA7F42D2291D78E300C6EA2C /* Quote.swift */ = {isa = PBXFileReference; lastKnownFileType = sourcecode.swift; path = Quote.swift; sourceTree = "<group>"; };
		FAB46A242986503100959A7E /* AdSupport.framework */ = {isa = PBXFileReference; lastKnownFileType = wrapper.framework; name = AdSupport.framework; path = System/Library/Frameworks/AdSupport.framework; sourceTree = SDKROOT; };
		FAFA4488297E7A4F0068B4A8 /* EditItemViewController.swift */ = {isa = PBXFileReference; lastKnownFileType = sourcecode.swift; path = EditItemViewController.swift; sourceTree = "<group>"; };
		FAFA448A297E89760068B4A8 /* EditMoodCell.swift */ = {isa = PBXFileReference; lastKnownFileType = sourcecode.swift; path = EditMoodCell.swift; sourceTree = "<group>"; };
		FAFA4491297F76940068B4A8 /* MoodTracker.entitlements */ = {isa = PBXFileReference; lastKnownFileType = text.plist.entitlements; path = MoodTracker.entitlements; sourceTree = "<group>"; };
		FAFA449A297FC0AB0068B4A8 /* Info.plist */ = {isa = PBXFileReference; lastKnownFileType = text.plist.xml; path = Info.plist; sourceTree = "<group>"; };
		FAFA449C297FEE460068B4A8 /* EditMoodsViewController.swift */ = {isa = PBXFileReference; lastKnownFileType = sourcecode.swift; path = EditMoodsViewController.swift; sourceTree = "<group>"; };
/* End PBXFileReference section */

/* Begin PBXFrameworksBuildPhase section */
		FA20D5D6290B9F8F0068332C /* Frameworks */ = {
			isa = PBXFrameworksBuildPhase;
			buildActionMask = 2147483647;
			files = (
				FA3B5665290BB6EC00FBA068 /* FirebaseAnalytics in Frameworks */,
				FAB46A252986503100959A7E /* AdSupport.framework in Frameworks */,
				FAFA448E297F75590068B4A8 /* FacebookCore in Frameworks */,
				FAFA4490297F75590068B4A8 /* FacebookLogin in Frameworks */,
				FA3B5667290BB6EC00FBA068 /* FirebaseAuth in Frameworks */,
				FA3B5669290BB6EC00FBA068 /* FirebaseFirestore in Frameworks */,
				FA1CC9C329269FEA00CDA101 /* Charts in Frameworks */,
				FAFA4494297F89B20068B4A8 /* GoogleSignIn in Frameworks */,
			);
			runOnlyForDeploymentPostprocessing = 0;
		};
		FA20D5EC290B9FA90068332C /* Frameworks */ = {
			isa = PBXFrameworksBuildPhase;
			buildActionMask = 2147483647;
			files = (
			);
			runOnlyForDeploymentPostprocessing = 0;
		};
		FA20D5F6290B9FAA0068332C /* Frameworks */ = {
			isa = PBXFrameworksBuildPhase;
			buildActionMask = 2147483647;
			files = (
			);
			runOnlyForDeploymentPostprocessing = 0;
		};
/* End PBXFrameworksBuildPhase section */

/* Begin PBXGroup section */
		FA20D5D0290B9F8E0068332C = {
			isa = PBXGroup;
			children = (
				FA20D5DB290B9F8F0068332C /* MoodTracker */,
				FA20D5F2290B9FA90068332C /* MoodTrackerTests */,
				FA20D5FC290B9FAA0068332C /* MoodTrackerUITests */,
				FA20D5DA290B9F8F0068332C /* Products */,
				FAB46A232986503000959A7E /* Frameworks */,
			);
			sourceTree = "<group>";
		};
		FA20D5DA290B9F8F0068332C /* Products */ = {
			isa = PBXGroup;
			children = (
				FA20D5D9290B9F8F0068332C /* MoodTracker.app */,
				FA20D5EF290B9FA90068332C /* MoodTrackerTests.xctest */,
				FA20D5F9290B9FAA0068332C /* MoodTrackerUITests.xctest */,
			);
			name = Products;
			sourceTree = "<group>";
		};
		FA20D5DB290B9F8F0068332C /* MoodTracker */ = {
			isa = PBXGroup;
			children = (
				FAFA4491297F76940068B4A8 /* MoodTracker.entitlements */,
				FA7F42D1291D785C00C6EA2C /* Models */,
				FA7F42CE291D755500C6EA2C /* Views */,
				FA492AA3291950CB00E92F9A /* Managers */,
				FA492AA4291950F000E92F9A /* Delegates */,
				FA492A932917E23100E92F9A /* Moods.swift */,
				FA492A952917F80E00E92F9A /* Colors.swift */,
				FA20D5E5290B9FA60068332C /* Assets.xcassets */,
				FA492A922917DDF600E92F9A /* Moods.md */,
				FA20D5E7290B9FA60068332C /* LaunchScreen.storyboard */,
				FAFA449A297FC0AB0068B4A8 /* Info.plist */,
				FA3B5661290BB48A00FBA068 /* GoogleService-Info.plist */,
				FA3B5660290BB0A800FBA068 /* Fonts */,
			);
			path = MoodTracker;
			sourceTree = "<group>";
		};
		FA20D5F2290B9FA90068332C /* MoodTrackerTests */ = {
			isa = PBXGroup;
			children = (
				FA20D5F3290B9FA90068332C /* MoodTrackerTests.swift */,
			);
			path = MoodTrackerTests;
			sourceTree = "<group>";
		};
		FA20D5FC290B9FAA0068332C /* MoodTrackerUITests */ = {
			isa = PBXGroup;
			children = (
				FA20D5FD290B9FAA0068332C /* MoodTrackerUITests.swift */,
				FA20D5FF290B9FAA0068332C /* MoodTrackerUITestsLaunchTests.swift */,
			);
			path = MoodTrackerUITests;
			sourceTree = "<group>";
		};
		FA3B5660290BB0A800FBA068 /* Fonts */ = {
			isa = PBXGroup;
			children = (
				FA3B565E290BB0A300FBA068 /* FredokaOne-Regular.ttf */,
			);
			path = Fonts;
			sourceTree = "<group>";
		};
		FA492AA12919509A00E92F9A /* View Controllers */ = {
			isa = PBXGroup;
			children = (
				FA492A8A2917AB4200E92F9A /* NavVC.swift */,
				FA20D5E0290B9F8F0068332C /* WelcomeViewController.swift */,
				FA492A882917845A00E92F9A /* LoginViewController.swift */,
				FA1630F5291A1CE00092721A /* SettingsViewController.swift */,
				FA1630F7291A351B0092721A /* DeleteAccountViewController.swift */,
				FA492A8E2917B91800E92F9A /* CreateAccountViewController.swift */,
				FA492A97291822FE00E92F9A /* AddItemViewController.swift */,
				FA492A902917DD2400E92F9A /* SelectMoodsViewController.swift */,
				FA492A8C2917AC7600E92F9A /* HomeViewController.swift */,
				FA1CC9BF292692A400CDA101 /* DayOverviewViewController.swift */,
				FAFA4488297E7A4F0068B4A8 /* EditItemViewController.swift */,
				FAFA449C297FEE460068B4A8 /* EditMoodsViewController.swift */,
			);
			path = "View Controllers";
			sourceTree = "<group>";
		};
		FA492AA3291950CB00E92F9A /* Managers */ = {
			isa = PBXGroup;
			children = (
				FA492A9F2919506F00E92F9A /* MoodsManager.swift */,
				FA492A9B2918A22F00E92F9A /* AuthManager.swift */,
			);
			path = Managers;
			sourceTree = "<group>";
		};
		FA492AA4291950F000E92F9A /* Delegates */ = {
			isa = PBXGroup;
			children = (
				FA20D5DC290B9F8F0068332C /* AppDelegate.swift */,
				FA20D5DE290B9F8F0068332C /* SceneDelegate.swift */,
			);
			path = Delegates;
			sourceTree = "<group>";
		};
		FA492AA72919518800E92F9A /* Cells */ = {
			isa = PBXGroup;
			children = (
				FA492AA8291951A800E92F9A /* HomeItemCell.swift */,
				FA492AAA291951D900E92F9A /* MoodCollectionCell.swift */,
				FA1630F9291A58FC0092721A /* HomeMoodCell.swift */,
				FAFA448A297E89760068B4A8 /* EditMoodCell.swift */,
			);
			path = Cells;
			sourceTree = "<group>";
		};
		FA7F42CE291D755500C6EA2C /* Views */ = {
			isa = PBXGroup;
			children = (
				FA492AA72919518800E92F9A /* Cells */,
				FA492AA12919509A00E92F9A /* View Controllers */,
				FA7F42CF291D756D00C6EA2C /* GetAffirmationView.swift */,
				FA3B566A290BBCDE00FBA068 /* CustomViews.swift */,
				FA1CC9BD29268F6A00CDA101 /* DayHeader.swift */,
			);
			path = Views;
			sourceTree = "<group>";
		};
		FA7F42D1291D785C00C6EA2C /* Models */ = {
			isa = PBXGroup;
			children = (
				FA492A9D2918C21700E92F9A /* MoodsItem.swift */,
				FA7F42D2291D78E300C6EA2C /* Quote.swift */,
				FA492A992918964400E92F9A /* Mood.swift */,
			);
			path = Models;
			sourceTree = "<group>";
		};
		FAB46A232986503000959A7E /* Frameworks */ = {
			isa = PBXGroup;
			children = (
				FAB46A242986503100959A7E /* AdSupport.framework */,
			);
			name = Frameworks;
			sourceTree = "<group>";
		};
/* End PBXGroup section */

/* Begin PBXNativeTarget section */
		FA20D5D8290B9F8F0068332C /* MoodTracker */ = {
			isa = PBXNativeTarget;
			buildConfigurationList = FA20D603290B9FAA0068332C /* Build configuration list for PBXNativeTarget "MoodTracker" */;
			buildPhases = (
				FA20D5D5290B9F8F0068332C /* Sources */,
				FA20D5D6290B9F8F0068332C /* Frameworks */,
				FA20D5D7290B9F8F0068332C /* Resources */,
			);
			buildRules = (
			);
			dependencies = (
			);
			name = MoodTracker;
			packageProductDependencies = (
				FA3B5664290BB6EC00FBA068 /* FirebaseAnalytics */,
				FA3B5666290BB6EC00FBA068 /* FirebaseAuth */,
				FA3B5668290BB6EC00FBA068 /* FirebaseFirestore */,
				FA1CC9C229269FEA00CDA101 /* Charts */,
				FAFA448D297F75590068B4A8 /* FacebookCore */,
				FAFA448F297F75590068B4A8 /* FacebookLogin */,
				FAFA4493297F89B20068B4A8 /* GoogleSignIn */,
			);
			productName = MoodTracker;
			productReference = FA20D5D9290B9F8F0068332C /* MoodTracker.app */;
			productType = "com.apple.product-type.application";
		};
		FA20D5EE290B9FA90068332C /* MoodTrackerTests */ = {
			isa = PBXNativeTarget;
			buildConfigurationList = FA20D606290B9FAA0068332C /* Build configuration list for PBXNativeTarget "MoodTrackerTests" */;
			buildPhases = (
				FA20D5EB290B9FA90068332C /* Sources */,
				FA20D5EC290B9FA90068332C /* Frameworks */,
				FA20D5ED290B9FA90068332C /* Resources */,
			);
			buildRules = (
			);
			dependencies = (
				FA20D5F1290B9FA90068332C /* PBXTargetDependency */,
			);
			name = MoodTrackerTests;
			productName = MoodTrackerTests;
			productReference = FA20D5EF290B9FA90068332C /* MoodTrackerTests.xctest */;
			productType = "com.apple.product-type.bundle.unit-test";
		};
		FA20D5F8290B9FAA0068332C /* MoodTrackerUITests */ = {
			isa = PBXNativeTarget;
			buildConfigurationList = FA20D609290B9FAA0068332C /* Build configuration list for PBXNativeTarget "MoodTrackerUITests" */;
			buildPhases = (
				FA20D5F5290B9FAA0068332C /* Sources */,
				FA20D5F6290B9FAA0068332C /* Frameworks */,
				FA20D5F7290B9FAA0068332C /* Resources */,
			);
			buildRules = (
			);
			dependencies = (
				FA20D5FB290B9FAA0068332C /* PBXTargetDependency */,
			);
			name = MoodTrackerUITests;
			productName = MoodTrackerUITests;
			productReference = FA20D5F9290B9FAA0068332C /* MoodTrackerUITests.xctest */;
			productType = "com.apple.product-type.bundle.ui-testing";
		};
/* End PBXNativeTarget section */

/* Begin PBXProject section */
		FA20D5D1290B9F8E0068332C /* Project object */ = {
			isa = PBXProject;
			attributes = {
				BuildIndependentTargetsInParallel = 1;
				LastSwiftUpdateCheck = 1340;
				LastUpgradeCheck = 1340;
				TargetAttributes = {
					FA20D5D8290B9F8F0068332C = {
						CreatedOnToolsVersion = 13.4.1;
					};
					FA20D5EE290B9FA90068332C = {
						CreatedOnToolsVersion = 13.4.1;
						TestTargetID = FA20D5D8290B9F8F0068332C;
					};
					FA20D5F8290B9FAA0068332C = {
						CreatedOnToolsVersion = 13.4.1;
						TestTargetID = FA20D5D8290B9F8F0068332C;
					};
				};
			};
			buildConfigurationList = FA20D5D4290B9F8E0068332C /* Build configuration list for PBXProject "MoodTracker" */;
			compatibilityVersion = "Xcode 13.0";
			developmentRegion = en;
			hasScannedForEncodings = 0;
			knownRegions = (
				en,
				Base,
			);
			mainGroup = FA20D5D0290B9F8E0068332C;
			packageReferences = (
				FA3B5663290BB6EC00FBA068 /* XCRemoteSwiftPackageReference "firebase-ios-sdk" */,
				FA1CC9C129269FEA00CDA101 /* XCRemoteSwiftPackageReference "Charts" */,
				FAFA448C297F75590068B4A8 /* XCRemoteSwiftPackageReference "facebook-ios-sdk" */,
				FAFA4492297F89B20068B4A8 /* XCRemoteSwiftPackageReference "GoogleSignIn-iOS" */,
			);
			productRefGroup = FA20D5DA290B9F8F0068332C /* Products */;
			projectDirPath = "";
			projectRoot = "";
			targets = (
				FA20D5D8290B9F8F0068332C /* MoodTracker */,
				FA20D5EE290B9FA90068332C /* MoodTrackerTests */,
				FA20D5F8290B9FAA0068332C /* MoodTrackerUITests */,
			);
		};
/* End PBXProject section */

/* Begin PBXResourcesBuildPhase section */
		FA20D5D7290B9F8F0068332C /* Resources */ = {
			isa = PBXResourcesBuildPhase;
			buildActionMask = 2147483647;
			files = (
				FA20D5E9290B9FA60068332C /* LaunchScreen.storyboard in Resources */,
				FA20D5E6290B9FA60068332C /* Assets.xcassets in Resources */,
				FA3B5662290BB48A00FBA068 /* GoogleService-Info.plist in Resources */,
				FA3B565F290BB0A300FBA068 /* FredokaOne-Regular.ttf in Resources */,
			);
			runOnlyForDeploymentPostprocessing = 0;
		};
		FA20D5ED290B9FA90068332C /* Resources */ = {
			isa = PBXResourcesBuildPhase;
			buildActionMask = 2147483647;
			files = (
			);
			runOnlyForDeploymentPostprocessing = 0;
		};
		FA20D5F7290B9FAA0068332C /* Resources */ = {
			isa = PBXResourcesBuildPhase;
			buildActionMask = 2147483647;
			files = (
			);
			runOnlyForDeploymentPostprocessing = 0;
		};
/* End PBXResourcesBuildPhase section */

/* Begin PBXSourcesBuildPhase section */
		FA20D5D5290B9F8F0068332C /* Sources */ = {
			isa = PBXSourcesBuildPhase;
			buildActionMask = 2147483647;
			files = (
				FA7F42D0291D756D00C6EA2C /* GetAffirmationView.swift in Sources */,
				FAFA4489297E7A4F0068B4A8 /* EditItemViewController.swift in Sources */,
				FA492A8B2917AB4200E92F9A /* NavVC.swift in Sources */,
				FAFA449D297FEE460068B4A8 /* EditMoodsViewController.swift in Sources */,
				FAFA448B297E89760068B4A8 /* EditMoodCell.swift in Sources */,
				FA492A9E2918C21700E92F9A /* MoodsItem.swift in Sources */,
				FA1CC9C0292692A400CDA101 /* DayOverviewViewController.swift in Sources */,
				FA492A9C2918A22F00E92F9A /* AuthManager.swift in Sources */,
				FA20D5E1290B9F8F0068332C /* WelcomeViewController.swift in Sources */,
				FA492A942917E23100E92F9A /* Moods.swift in Sources */,
				FA1630F8291A351B0092721A /* DeleteAccountViewController.swift in Sources */,
				FA1630F6291A1CE00092721A /* SettingsViewController.swift in Sources */,
				FA3B566B290BBCDE00FBA068 /* CustomViews.swift in Sources */,
				FA492AA9291951A800E92F9A /* HomeItemCell.swift in Sources */,
				FA20D5DD290B9F8F0068332C /* AppDelegate.swift in Sources */,
				FA7F42D3291D78E300C6EA2C /* Quote.swift in Sources */,
				FA492A9A2918964400E92F9A /* Mood.swift in Sources */,
				FA492A98291822FE00E92F9A /* AddItemViewController.swift in Sources */,
				FA1630FA291A58FC0092721A /* HomeMoodCell.swift in Sources */,
				FA492AAB291951D900E92F9A /* MoodCollectionCell.swift in Sources */,
				FA492A8F2917B91800E92F9A /* CreateAccountViewController.swift in Sources */,
				FA1CC9BE29268F6A00CDA101 /* DayHeader.swift in Sources */,
				FA492AA02919506F00E92F9A /* MoodsManager.swift in Sources */,
				FA492A912917DD2400E92F9A /* SelectMoodsViewController.swift in Sources */,
				FA492A892917845A00E92F9A /* LoginViewController.swift in Sources */,
				FA492A8D2917AC7600E92F9A /* HomeViewController.swift in Sources */,
				FA492A962917F80E00E92F9A /* Colors.swift in Sources */,
				FA20D5DF290B9F8F0068332C /* SceneDelegate.swift in Sources */,
			);
			runOnlyForDeploymentPostprocessing = 0;
		};
		FA20D5EB290B9FA90068332C /* Sources */ = {
			isa = PBXSourcesBuildPhase;
			buildActionMask = 2147483647;
			files = (
				FA20D5F4290B9FA90068332C /* MoodTrackerTests.swift in Sources */,
			);
			runOnlyForDeploymentPostprocessing = 0;
		};
		FA20D5F5290B9FAA0068332C /* Sources */ = {
			isa = PBXSourcesBuildPhase;
			buildActionMask = 2147483647;
			files = (
				FA20D600290B9FAA0068332C /* MoodTrackerUITestsLaunchTests.swift in Sources */,
				FA20D5FE290B9FAA0068332C /* MoodTrackerUITests.swift in Sources */,
			);
			runOnlyForDeploymentPostprocessing = 0;
		};
/* End PBXSourcesBuildPhase section */

/* Begin PBXTargetDependency section */
		FA20D5F1290B9FA90068332C /* PBXTargetDependency */ = {
			isa = PBXTargetDependency;
			target = FA20D5D8290B9F8F0068332C /* MoodTracker */;
			targetProxy = FA20D5F0290B9FA90068332C /* PBXContainerItemProxy */;
		};
		FA20D5FB290B9FAA0068332C /* PBXTargetDependency */ = {
			isa = PBXTargetDependency;
			target = FA20D5D8290B9F8F0068332C /* MoodTracker */;
			targetProxy = FA20D5FA290B9FAA0068332C /* PBXContainerItemProxy */;
		};
/* End PBXTargetDependency section */

/* Begin PBXVariantGroup section */
		FA20D5E7290B9FA60068332C /* LaunchScreen.storyboard */ = {
			isa = PBXVariantGroup;
			children = (
				FA20D5E8290B9FA60068332C /* Base */,
			);
			name = LaunchScreen.storyboard;
			sourceTree = "<group>";
		};
/* End PBXVariantGroup section */

/* Begin XCBuildConfiguration section */
		FA20D601290B9FAA0068332C /* Debug */ = {
			isa = XCBuildConfiguration;
			buildSettings = {
				ALWAYS_SEARCH_USER_PATHS = NO;
				CLANG_ANALYZER_NONNULL = YES;
				CLANG_ANALYZER_NUMBER_OBJECT_CONVERSION = YES_AGGRESSIVE;
				CLANG_CXX_LANGUAGE_STANDARD = "gnu++17";
				CLANG_ENABLE_MODULES = YES;
				CLANG_ENABLE_OBJC_ARC = YES;
				CLANG_ENABLE_OBJC_WEAK = YES;
				CLANG_WARN_BLOCK_CAPTURE_AUTORELEASING = YES;
				CLANG_WARN_BOOL_CONVERSION = YES;
				CLANG_WARN_COMMA = YES;
				CLANG_WARN_CONSTANT_CONVERSION = YES;
				CLANG_WARN_DEPRECATED_OBJC_IMPLEMENTATIONS = YES;
				CLANG_WARN_DIRECT_OBJC_ISA_USAGE = YES_ERROR;
				CLANG_WARN_DOCUMENTATION_COMMENTS = YES;
				CLANG_WARN_EMPTY_BODY = YES;
				CLANG_WARN_ENUM_CONVERSION = YES;
				CLANG_WARN_INFINITE_RECURSION = YES;
				CLANG_WARN_INT_CONVERSION = YES;
				CLANG_WARN_NON_LITERAL_NULL_CONVERSION = YES;
				CLANG_WARN_OBJC_IMPLICIT_RETAIN_SELF = YES;
				CLANG_WARN_OBJC_LITERAL_CONVERSION = YES;
				CLANG_WARN_OBJC_ROOT_CLASS = YES_ERROR;
				CLANG_WARN_QUOTED_INCLUDE_IN_FRAMEWORK_HEADER = YES;
				CLANG_WARN_RANGE_LOOP_ANALYSIS = YES;
				CLANG_WARN_STRICT_PROTOTYPES = YES;
				CLANG_WARN_SUSPICIOUS_MOVE = YES;
				CLANG_WARN_UNGUARDED_AVAILABILITY = YES_AGGRESSIVE;
				CLANG_WARN_UNREACHABLE_CODE = YES;
				CLANG_WARN__DUPLICATE_METHOD_MATCH = YES;
				COPY_PHASE_STRIP = NO;
				DEBUG_INFORMATION_FORMAT = dwarf;
				ENABLE_STRICT_OBJC_MSGSEND = YES;
				ENABLE_TESTABILITY = YES;
				GCC_C_LANGUAGE_STANDARD = gnu11;
				GCC_DYNAMIC_NO_PIC = NO;
				GCC_NO_COMMON_BLOCKS = YES;
				GCC_OPTIMIZATION_LEVEL = 0;
				GCC_PREPROCESSOR_DEFINITIONS = (
					"DEBUG=1",
					"$(inherited)",
				);
				GCC_WARN_64_TO_32_BIT_CONVERSION = YES;
				GCC_WARN_ABOUT_RETURN_TYPE = YES_ERROR;
				GCC_WARN_UNDECLARED_SELECTOR = YES;
				GCC_WARN_UNINITIALIZED_AUTOS = YES_AGGRESSIVE;
				GCC_WARN_UNUSED_FUNCTION = YES;
				GCC_WARN_UNUSED_VARIABLE = YES;
				IPHONEOS_DEPLOYMENT_TARGET = 15.5;
				MTL_ENABLE_DEBUG_INFO = INCLUDE_SOURCE;
				MTL_FAST_MATH = YES;
				ONLY_ACTIVE_ARCH = YES;
				SDKROOT = iphoneos;
				SWIFT_ACTIVE_COMPILATION_CONDITIONS = DEBUG;
				SWIFT_OPTIMIZATION_LEVEL = "-Onone";
			};
			name = Debug;
		};
		FA20D602290B9FAA0068332C /* Release */ = {
			isa = XCBuildConfiguration;
			buildSettings = {
				ALWAYS_SEARCH_USER_PATHS = NO;
				CLANG_ANALYZER_NONNULL = YES;
				CLANG_ANALYZER_NUMBER_OBJECT_CONVERSION = YES_AGGRESSIVE;
				CLANG_CXX_LANGUAGE_STANDARD = "gnu++17";
				CLANG_ENABLE_MODULES = YES;
				CLANG_ENABLE_OBJC_ARC = YES;
				CLANG_ENABLE_OBJC_WEAK = YES;
				CLANG_WARN_BLOCK_CAPTURE_AUTORELEASING = YES;
				CLANG_WARN_BOOL_CONVERSION = YES;
				CLANG_WARN_COMMA = YES;
				CLANG_WARN_CONSTANT_CONVERSION = YES;
				CLANG_WARN_DEPRECATED_OBJC_IMPLEMENTATIONS = YES;
				CLANG_WARN_DIRECT_OBJC_ISA_USAGE = YES_ERROR;
				CLANG_WARN_DOCUMENTATION_COMMENTS = YES;
				CLANG_WARN_EMPTY_BODY = YES;
				CLANG_WARN_ENUM_CONVERSION = YES;
				CLANG_WARN_INFINITE_RECURSION = YES;
				CLANG_WARN_INT_CONVERSION = YES;
				CLANG_WARN_NON_LITERAL_NULL_CONVERSION = YES;
				CLANG_WARN_OBJC_IMPLICIT_RETAIN_SELF = YES;
				CLANG_WARN_OBJC_LITERAL_CONVERSION = YES;
				CLANG_WARN_OBJC_ROOT_CLASS = YES_ERROR;
				CLANG_WARN_QUOTED_INCLUDE_IN_FRAMEWORK_HEADER = YES;
				CLANG_WARN_RANGE_LOOP_ANALYSIS = YES;
				CLANG_WARN_STRICT_PROTOTYPES = YES;
				CLANG_WARN_SUSPICIOUS_MOVE = YES;
				CLANG_WARN_UNGUARDED_AVAILABILITY = YES_AGGRESSIVE;
				CLANG_WARN_UNREACHABLE_CODE = YES;
				CLANG_WARN__DUPLICATE_METHOD_MATCH = YES;
				COPY_PHASE_STRIP = NO;
				DEBUG_INFORMATION_FORMAT = "dwarf-with-dsym";
				ENABLE_NS_ASSERTIONS = NO;
				ENABLE_STRICT_OBJC_MSGSEND = YES;
				GCC_C_LANGUAGE_STANDARD = gnu11;
				GCC_NO_COMMON_BLOCKS = YES;
				GCC_WARN_64_TO_32_BIT_CONVERSION = YES;
				GCC_WARN_ABOUT_RETURN_TYPE = YES_ERROR;
				GCC_WARN_UNDECLARED_SELECTOR = YES;
				GCC_WARN_UNINITIALIZED_AUTOS = YES_AGGRESSIVE;
				GCC_WARN_UNUSED_FUNCTION = YES;
				GCC_WARN_UNUSED_VARIABLE = YES;
				IPHONEOS_DEPLOYMENT_TARGET = 15.5;
				MTL_ENABLE_DEBUG_INFO = NO;
				MTL_FAST_MATH = YES;
				SDKROOT = iphoneos;
				SWIFT_COMPILATION_MODE = wholemodule;
				SWIFT_OPTIMIZATION_LEVEL = "-O";
				VALIDATE_PRODUCT = YES;
			};
			name = Release;
		};
		FA20D604290B9FAA0068332C /* Debug */ = {
			isa = XCBuildConfiguration;
			buildSettings = {
				ASSETCATALOG_COMPILER_APPICON_NAME = AppIcon;
				ASSETCATALOG_COMPILER_GLOBAL_ACCENT_COLOR_NAME = AccentColor;
				CODE_SIGN_ENTITLEMENTS = MoodTracker/MoodTracker.entitlements;
				CODE_SIGN_STYLE = Automatic;
				CURRENT_PROJECT_VERSION = 1;
				DEVELOPMENT_TEAM = TX4WW8TVSW;
				GENERATE_INFOPLIST_FILE = YES;
				INFOPLIST_FILE = MoodTracker/Info.plist;
				INFOPLIST_KEY_CFBundleDisplayName = "Mood Tracker";
				INFOPLIST_KEY_UIApplicationSupportsIndirectInputEvents = YES;
				INFOPLIST_KEY_UILaunchStoryboardName = LaunchScreen;
				INFOPLIST_KEY_UIMainStoryboardFile = "";
				INFOPLIST_KEY_UISupportedInterfaceOrientations = UIInterfaceOrientationPortrait;
				INFOPLIST_KEY_UISupportedInterfaceOrientations_iPad = "UIInterfaceOrientationPortrait UIInterfaceOrientationPortraitUpsideDown";
				IPHONEOS_DEPLOYMENT_TARGET = 15.0;
				LD_RUNPATH_SEARCH_PATHS = (
					"$(inherited)",
					"@executable_path/Frameworks",
				);
				MARKETING_VERSION = 1.0.4;
				PRODUCT_BUNDLE_IDENTIFIER = com.emcassi.MoodTracker;
				PRODUCT_NAME = "$(TARGET_NAME)";
				SUPPORTED_PLATFORMS = "iphoneos iphonesimulator";
				SUPPORTS_MACCATALYST = NO;
				SUPPORTS_MAC_DESIGNED_FOR_IPHONE_IPAD = NO;
				SWIFT_EMIT_LOC_STRINGS = YES;
				SWIFT_VERSION = 5.0;
				TARGETED_DEVICE_FAMILY = 1;
			};
			name = Debug;
		};
		FA20D605290B9FAA0068332C /* Release */ = {
			isa = XCBuildConfiguration;
			buildSettings = {
				ASSETCATALOG_COMPILER_APPICON_NAME = AppIcon;
				ASSETCATALOG_COMPILER_GLOBAL_ACCENT_COLOR_NAME = AccentColor;
				CODE_SIGN_ENTITLEMENTS = MoodTracker/MoodTracker.entitlements;
				CODE_SIGN_STYLE = Automatic;
				CURRENT_PROJECT_VERSION = 1;
				DEVELOPMENT_TEAM = TX4WW8TVSW;
				GENERATE_INFOPLIST_FILE = YES;
				INFOPLIST_FILE = MoodTracker/Info.plist;
				INFOPLIST_KEY_CFBundleDisplayName = "Mood Tracker";
				INFOPLIST_KEY_UIApplicationSupportsIndirectInputEvents = YES;
				INFOPLIST_KEY_UILaunchStoryboardName = LaunchScreen;
				INFOPLIST_KEY_UIMainStoryboardFile = "";
				INFOPLIST_KEY_UISupportedInterfaceOrientations = UIInterfaceOrientationPortrait;
				INFOPLIST_KEY_UISupportedInterfaceOrientations_iPad = "UIInterfaceOrientationPortrait UIInterfaceOrientationPortraitUpsideDown";
				IPHONEOS_DEPLOYMENT_TARGET = 15.0;
				LD_RUNPATH_SEARCH_PATHS = (
					"$(inherited)",
					"@executable_path/Frameworks",
				);
				MARKETING_VERSION = 1.0.4;
				PRODUCT_BUNDLE_IDENTIFIER = com.emcassi.MoodTracker;
				PRODUCT_NAME = "$(TARGET_NAME)";
				SUPPORTED_PLATFORMS = "iphoneos iphonesimulator";
				SUPPORTS_MACCATALYST = NO;
				SUPPORTS_MAC_DESIGNED_FOR_IPHONE_IPAD = NO;
				SWIFT_EMIT_LOC_STRINGS = YES;
				SWIFT_VERSION = 5.0;
				TARGETED_DEVICE_FAMILY = 1;
			};
			name = Release;
		};
		FA20D607290B9FAA0068332C /* Debug */ = {
			isa = XCBuildConfiguration;
			buildSettings = {
				ALWAYS_EMBED_SWIFT_STANDARD_LIBRARIES = YES;
				BUNDLE_LOADER = "$(TEST_HOST)";
				CODE_SIGN_STYLE = Automatic;
				CURRENT_PROJECT_VERSION = 1;
				DEVELOPMENT_TEAM = TX4WW8TVSW;
				GENERATE_INFOPLIST_FILE = YES;
				IPHONEOS_DEPLOYMENT_TARGET = 15.5;
				MARKETING_VERSION = 1.0;
				PRODUCT_BUNDLE_IDENTIFIER = com.emcassi.MoodTrackerTests;
				PRODUCT_NAME = "$(TARGET_NAME)";
				SWIFT_EMIT_LOC_STRINGS = NO;
				SWIFT_VERSION = 5.0;
				TARGETED_DEVICE_FAMILY = "1,2";
				TEST_HOST = "$(BUILT_PRODUCTS_DIR)/MoodTracker.app/MoodTracker";
			};
			name = Debug;
		};
		FA20D608290B9FAA0068332C /* Release */ = {
			isa = XCBuildConfiguration;
			buildSettings = {
				ALWAYS_EMBED_SWIFT_STANDARD_LIBRARIES = YES;
				BUNDLE_LOADER = "$(TEST_HOST)";
				CODE_SIGN_STYLE = Automatic;
				CURRENT_PROJECT_VERSION = 1;
				DEVELOPMENT_TEAM = TX4WW8TVSW;
				GENERATE_INFOPLIST_FILE = YES;
				IPHONEOS_DEPLOYMENT_TARGET = 15.5;
				MARKETING_VERSION = 1.0;
				PRODUCT_BUNDLE_IDENTIFIER = com.emcassi.MoodTrackerTests;
				PRODUCT_NAME = "$(TARGET_NAME)";
				SWIFT_EMIT_LOC_STRINGS = NO;
				SWIFT_VERSION = 5.0;
				TARGETED_DEVICE_FAMILY = "1,2";
				TEST_HOST = "$(BUILT_PRODUCTS_DIR)/MoodTracker.app/MoodTracker";
			};
			name = Release;
		};
		FA20D60A290B9FAA0068332C /* Debug */ = {
			isa = XCBuildConfiguration;
			buildSettings = {
				ALWAYS_EMBED_SWIFT_STANDARD_LIBRARIES = YES;
				CODE_SIGN_STYLE = Automatic;
				CURRENT_PROJECT_VERSION = 1;
				DEVELOPMENT_TEAM = TX4WW8TVSW;
				GENERATE_INFOPLIST_FILE = YES;
				MARKETING_VERSION = 1.0;
				PRODUCT_BUNDLE_IDENTIFIER = com.emcassi.MoodTrackerUITests;
				PRODUCT_NAME = "$(TARGET_NAME)";
				SWIFT_EMIT_LOC_STRINGS = NO;
				SWIFT_VERSION = 5.0;
				TARGETED_DEVICE_FAMILY = "1,2";
				TEST_TARGET_NAME = MoodTracker;
			};
			name = Debug;
		};
		FA20D60B290B9FAA0068332C /* Release */ = {
			isa = XCBuildConfiguration;
			buildSettings = {
				ALWAYS_EMBED_SWIFT_STANDARD_LIBRARIES = YES;
				CODE_SIGN_STYLE = Automatic;
				CURRENT_PROJECT_VERSION = 1;
				DEVELOPMENT_TEAM = TX4WW8TVSW;
				GENERATE_INFOPLIST_FILE = YES;
				MARKETING_VERSION = 1.0;
				PRODUCT_BUNDLE_IDENTIFIER = com.emcassi.MoodTrackerUITests;
				PRODUCT_NAME = "$(TARGET_NAME)";
				SWIFT_EMIT_LOC_STRINGS = NO;
				SWIFT_VERSION = 5.0;
				TARGETED_DEVICE_FAMILY = "1,2";
				TEST_TARGET_NAME = MoodTracker;
			};
			name = Release;
		};
/* End XCBuildConfiguration section */

/* Begin XCConfigurationList section */
		FA20D5D4290B9F8E0068332C /* Build configuration list for PBXProject "MoodTracker" */ = {
			isa = XCConfigurationList;
			buildConfigurations = (
				FA20D601290B9FAA0068332C /* Debug */,
				FA20D602290B9FAA0068332C /* Release */,
			);
			defaultConfigurationIsVisible = 0;
			defaultConfigurationName = Release;
		};
		FA20D603290B9FAA0068332C /* Build configuration list for PBXNativeTarget "MoodTracker" */ = {
			isa = XCConfigurationList;
			buildConfigurations = (
				FA20D604290B9FAA0068332C /* Debug */,
				FA20D605290B9FAA0068332C /* Release */,
			);
			defaultConfigurationIsVisible = 0;
			defaultConfigurationName = Release;
		};
		FA20D606290B9FAA0068332C /* Build configuration list for PBXNativeTarget "MoodTrackerTests" */ = {
			isa = XCConfigurationList;
			buildConfigurations = (
				FA20D607290B9FAA0068332C /* Debug */,
				FA20D608290B9FAA0068332C /* Release */,
			);
			defaultConfigurationIsVisible = 0;
			defaultConfigurationName = Release;
		};
		FA20D609290B9FAA0068332C /* Build configuration list for PBXNativeTarget "MoodTrackerUITests" */ = {
			isa = XCConfigurationList;
			buildConfigurations = (
				FA20D60A290B9FAA0068332C /* Debug */,
				FA20D60B290B9FAA0068332C /* Release */,
			);
			defaultConfigurationIsVisible = 0;
			defaultConfigurationName = Release;
		};
/* End XCConfigurationList section */

/* Begin XCRemoteSwiftPackageReference section */
		FA1CC9C129269FEA00CDA101 /* XCRemoteSwiftPackageReference "Charts" */ = {
			isa = XCRemoteSwiftPackageReference;
			repositoryURL = "https://github.com/danielgindi/Charts.git";
			requirement = {
				branch = master;
				kind = branch;
			};
		};
		FA3B5663290BB6EC00FBA068 /* XCRemoteSwiftPackageReference "firebase-ios-sdk" */ = {
			isa = XCRemoteSwiftPackageReference;
			repositoryURL = "https://github.com/firebase/firebase-ios-sdk";
			requirement = {
				branch = master;
				kind = branch;
			};
		};
		FAFA448C297F75590068B4A8 /* XCRemoteSwiftPackageReference "facebook-ios-sdk" */ = {
			isa = XCRemoteSwiftPackageReference;
			repositoryURL = "https://github.com/facebook/facebook-ios-sdk";
			requirement = {
				kind = upToNextMajorVersion;
				minimumVersion = 9.0.0;
			};
		};
		FAFA4492297F89B20068B4A8 /* XCRemoteSwiftPackageReference "GoogleSignIn-iOS" */ = {
			isa = XCRemoteSwiftPackageReference;
			repositoryURL = "https://github.com/google/GoogleSignIn-iOS";
			requirement = {
				kind = upToNextMajorVersion;
				minimumVersion = 7.0.0;
			};
		};
/* End XCRemoteSwiftPackageReference section */

/* Begin XCSwiftPackageProductDependency section */
		FA1CC9C229269FEA00CDA101 /* Charts */ = {
			isa = XCSwiftPackageProductDependency;
			package = FA1CC9C129269FEA00CDA101 /* XCRemoteSwiftPackageReference "Charts" */;
			productName = Charts;
		};
		FA3B5664290BB6EC00FBA068 /* FirebaseAnalytics */ = {
			isa = XCSwiftPackageProductDependency;
			package = FA3B5663290BB6EC00FBA068 /* XCRemoteSwiftPackageReference "firebase-ios-sdk" */;
			productName = FirebaseAnalytics;
		};
		FA3B5666290BB6EC00FBA068 /* FirebaseAuth */ = {
			isa = XCSwiftPackageProductDependency;
			package = FA3B5663290BB6EC00FBA068 /* XCRemoteSwiftPackageReference "firebase-ios-sdk" */;
			productName = FirebaseAuth;
		};
		FA3B5668290BB6EC00FBA068 /* FirebaseFirestore */ = {
			isa = XCSwiftPackageProductDependency;
			package = FA3B5663290BB6EC00FBA068 /* XCRemoteSwiftPackageReference "firebase-ios-sdk" */;
			productName = FirebaseFirestore;
		};
		FAFA448D297F75590068B4A8 /* FacebookCore */ = {
			isa = XCSwiftPackageProductDependency;
			package = FAFA448C297F75590068B4A8 /* XCRemoteSwiftPackageReference "facebook-ios-sdk" */;
			productName = FacebookCore;
		};
		FAFA448F297F75590068B4A8 /* FacebookLogin */ = {
			isa = XCSwiftPackageProductDependency;
			package = FAFA448C297F75590068B4A8 /* XCRemoteSwiftPackageReference "facebook-ios-sdk" */;
			productName = FacebookLogin;
		};
		FAFA4493297F89B20068B4A8 /* GoogleSignIn */ = {
			isa = XCSwiftPackageProductDependency;
			package = FAFA4492297F89B20068B4A8 /* XCRemoteSwiftPackageReference "GoogleSignIn-iOS" */;
			productName = GoogleSignIn;
		};
/* End XCSwiftPackageProductDependency section */
	};
	rootObject = FA20D5D1290B9F8E0068332C /* Project object */;
}
