// !$*UTF8*$!
{
	archiveVersion = 1;
	classes = {
	};
	objectVersion = 55;
	objects = {

/* Begin PBXBuildFile section */
		FA1630F6291A1CE00092721A /* SettingsViewController.swift in Sources */ = {isa = PBXBuildFile; fileRef = FA1630F5291A1CE00092721A /* SettingsViewController.swift */; };
		FA1630F8291A351B0092721A /* DeleteAccountViewController.swift in Sources */ = {isa = PBXBuildFile; fileRef = FA1630F7291A351B0092721A /* DeleteAccountViewController.swift */; };
		FA1630FA291A58FC0092721A /* HomeMoodCell.swift in Sources */ = {isa = PBXBuildFile; fileRef = FA1630F9291A58FC0092721A /* HomeMoodCell.swift */; };
		FA17A1D12B78EAC7004C294E /* SenseSkillCell.swift in Sources */ = {isa = PBXBuildFile; fileRef = FA17A1D02B78EAC7004C294E /* SenseSkillCell.swift */; };
		FA1CC9BE29268F6A00CDA101 /* DayHeader.swift in Sources */ = {isa = PBXBuildFile; fileRef = FA1CC9BD29268F6A00CDA101 /* DayHeader.swift */; };
		FA1CC9C0292692A400CDA101 /* DayOverviewViewController.swift in Sources */ = {isa = PBXBuildFile; fileRef = FA1CC9BF292692A400CDA101 /* DayOverviewViewController.swift */; };
		FA1CC9C329269FEA00CDA101 /* Charts in Frameworks */ = {isa = PBXBuildFile; productRef = FA1CC9C229269FEA00CDA101 /* Charts */; };
		FA20D5DD290B9F8F0068332C /* AppDelegate.swift in Sources */ = {isa = PBXBuildFile; fileRef = FA20D5DC290B9F8F0068332C /* AppDelegate.swift */; };
		FA20D5DF290B9F8F0068332C /* SceneDelegate.swift in Sources */ = {isa = PBXBuildFile; fileRef = FA20D5DE290B9F8F0068332C /* SceneDelegate.swift */; };
		FA20D5E1290B9F8F0068332C /* WelcomeViewController.swift in Sources */ = {isa = PBXBuildFile; fileRef = FA20D5E0290B9F8F0068332C /* WelcomeViewController.swift */; };
		FA20D5E6290B9FA60068332C /* Assets.xcassets in Resources */ = {isa = PBXBuildFile; fileRef = FA20D5E5290B9FA60068332C /* Assets.xcassets */; };
		FA20D5E9290B9FA60068332C /* LaunchScreen.storyboard in Resources */ = {isa = PBXBuildFile; fileRef = FA20D5E7290B9FA60068332C /* LaunchScreen.storyboard */; };
		FA20D5F4290B9FA90068332C /* MoodTrackerTests.swift in Sources */ = {isa = PBXBuildFile; fileRef = FA20D5F3290B9FA90068332C /* MoodTrackerTests.swift */; };
		FA20D5FE290B9FAA0068332C /* MoodTrackerUITests.swift in Sources */ = {isa = PBXBuildFile; fileRef = FA20D5FD290B9FAA0068332C /* MoodTrackerUITests.swift */; };
		FA20D600290B9FAA0068332C /* MoodTrackerUITestsLaunchTests.swift in Sources */ = {isa = PBXBuildFile; fileRef = FA20D5FF290B9FAA0068332C /* MoodTrackerUITestsLaunchTests.swift */; };
		FA3B565F290BB0A300FBA068 /* FredokaOne-Regular.ttf in Resources */ = {isa = PBXBuildFile; fileRef = FA3B565E290BB0A300FBA068 /* FredokaOne-Regular.ttf */; };
		FA3B5662290BB48A00FBA068 /* GoogleService-Info.plist in Resources */ = {isa = PBXBuildFile; fileRef = FA3B5661290BB48A00FBA068 /* GoogleService-Info.plist */; };
		FA3B5665290BB6EC00FBA068 /* FirebaseAnalytics in Frameworks */ = {isa = PBXBuildFile; productRef = FA3B5664290BB6EC00FBA068 /* FirebaseAnalytics */; };
		FA3B5667290BB6EC00FBA068 /* FirebaseAuth in Frameworks */ = {isa = PBXBuildFile; productRef = FA3B5666290BB6EC00FBA068 /* FirebaseAuth */; };
		FA3B5669290BB6EC00FBA068 /* FirebaseFirestore in Frameworks */ = {isa = PBXBuildFile; productRef = FA3B5668290BB6EC00FBA068 /* FirebaseFirestore */; };
		FA3B566B290BBCDE00FBA068 /* CustomViews.swift in Sources */ = {isa = PBXBuildFile; fileRef = FA3B566A290BBCDE00FBA068 /* CustomViews.swift */; };
		FA4327F82B79A97400C8079E /* SenseItem.swift in Sources */ = {isa = PBXBuildFile; fileRef = FA4327F72B79A97400C8079E /* SenseItem.swift */; };
		FA492A892917845A00E92F9A /* LoginViewController.swift in Sources */ = {isa = PBXBuildFile; fileRef = FA492A882917845A00E92F9A /* LoginViewController.swift */; };
		FA492A8B2917AB4200E92F9A /* NavVC.swift in Sources */ = {isa = PBXBuildFile; fileRef = FA492A8A2917AB4200E92F9A /* NavVC.swift */; };
		FA492A8D2917AC7600E92F9A /* HomeViewController.swift in Sources */ = {isa = PBXBuildFile; fileRef = FA492A8C2917AC7600E92F9A /* HomeViewController.swift */; };
		FA492A8F2917B91800E92F9A /* CreateAccountViewController.swift in Sources */ = {isa = PBXBuildFile; fileRef = FA492A8E2917B91800E92F9A /* CreateAccountViewController.swift */; };
		FA492A912917DD2400E92F9A /* SelectMoodsViewController.swift in Sources */ = {isa = PBXBuildFile; fileRef = FA492A902917DD2400E92F9A /* SelectMoodsViewController.swift */; };
		FA492A942917E23100E92F9A /* Moods.swift in Sources */ = {isa = PBXBuildFile; fileRef = FA492A932917E23100E92F9A /* Moods.swift */; };
		FA492A962917F80E00E92F9A /* Colors.swift in Sources */ = {isa = PBXBuildFile; fileRef = FA492A952917F80E00E92F9A /* Colors.swift */; };
		FA492A98291822FE00E92F9A /* AddItemViewController.swift in Sources */ = {isa = PBXBuildFile; fileRef = FA492A97291822FE00E92F9A /* AddItemViewController.swift */; };
		FA492A9A2918964400E92F9A /* Mood.swift in Sources */ = {isa = PBXBuildFile; fileRef = FA492A992918964400E92F9A /* Mood.swift */; };
		FA492A9C2918A22F00E92F9A /* AuthManager.swift in Sources */ = {isa = PBXBuildFile; fileRef = FA492A9B2918A22F00E92F9A /* AuthManager.swift */; };
		FA492A9E2918C21700E92F9A /* MoodsItem.swift in Sources */ = {isa = PBXBuildFile; fileRef = FA492A9D2918C21700E92F9A /* MoodsItem.swift */; };
		FA492AA02919506F00E92F9A /* MoodsManager.swift in Sources */ = {isa = PBXBuildFile; fileRef = FA492A9F2919506F00E92F9A /* MoodsManager.swift */; };
		FA492AA9291951A800E92F9A /* HomeItemCell.swift in Sources */ = {isa = PBXBuildFile; fileRef = FA492AA8291951A800E92F9A /* HomeItemCell.swift */; };
		FA492AAB291951D900E92F9A /* MoodCollectionCell.swift in Sources */ = {isa = PBXBuildFile; fileRef = FA492AAA291951D900E92F9A /* MoodCollectionCell.swift */; };
		FA7F42D0291D756D00C6EA2C /* GetAffirmationView.swift in Sources */ = {isa = PBXBuildFile; fileRef = FA7F42CF291D756D00C6EA2C /* GetAffirmationView.swift */; };
		FA7F42D3291D78E300C6EA2C /* Quote.swift in Sources */ = {isa = PBXBuildFile; fileRef = FA7F42D2291D78E300C6EA2C /* Quote.swift */; };
		FAA414AF2B791C6F004EEA57 /* SenseManager.swift in Sources */ = {isa = PBXBuildFile; fileRef = FAA414AE2B791C6F004EEA57 /* SenseManager.swift */; };
		FAB21B582B77C20400395E6A /* TabbedViewController.swift in Sources */ = {isa = PBXBuildFile; fileRef = FAB21B572B77C20400395E6A /* TabbedViewController.swift */; };
		FAB21B5A2B77C58F00395E6A /* CopeViewController.swift in Sources */ = {isa = PBXBuildFile; fileRef = FAB21B592B77C58F00395E6A /* CopeViewController.swift */; };
		FAB21B5C2B77D0ED00395E6A /* BreatheViewController.swift in Sources */ = {isa = PBXBuildFile; fileRef = FAB21B5B2B77D0ED00395E6A /* BreatheViewController.swift */; };
		FAB21B5E2B784B1800395E6A /* ChartLegendCell.swift in Sources */ = {isa = PBXBuildFile; fileRef = FAB21B5D2B784B1800395E6A /* ChartLegendCell.swift */; };
		FAB21B602B7854A500395E6A /* MoodDetailsViewController.swift in Sources */ = {isa = PBXBuildFile; fileRef = FAB21B5F2B7854A500395E6A /* MoodDetailsViewController.swift */; };
		FAB21B622B7856B400395E6A /* ChartManager.swift in Sources */ = {isa = PBXBuildFile; fileRef = FAB21B612B7856B400395E6A /* ChartManager.swift */; };
		FAB21B642B785CF900395E6A /* ChartLegend.swift in Sources */ = {isa = PBXBuildFile; fileRef = FAB21B632B785CF900395E6A /* ChartLegend.swift */; };
		FAB21B662B78C64B00395E6A /* SenseViewController.swift in Sources */ = {isa = PBXBuildFile; fileRef = FAB21B652B78C64B00395E6A /* SenseViewController.swift */; };
		FAB21B682B78D0DF00395E6A /* SenseOptionsViewController.swift in Sources */ = {isa = PBXBuildFile; fileRef = FAB21B672B78D0DE00395E6A /* SenseOptionsViewController.swift */; };
		FAB46A252986503100959A7E /* AdSupport.framework in Frameworks */ = {isa = PBXBuildFile; fileRef = FAB46A242986503100959A7E /* AdSupport.framework */; };
		FABDC4BC2B7DB52800970BDF /* BreatheOptionsViewController.swift in Sources */ = {isa = PBXBuildFile; fileRef = FABDC4BB2B7DB52800970BDF /* BreatheOptionsViewController.swift */; };
		FABDC4BE2B7DB69200970BDF /* BreatheOptionView.swift in Sources */ = {isa = PBXBuildFile; fileRef = FABDC4BD2B7DB69200970BDF /* BreatheOptionView.swift */; };
		FABDC4C02B7DBC4800970BDF /* TextField.swift in Sources */ = {isa = PBXBuildFile; fileRef = FABDC4BF2B7DBC4800970BDF /* TextField.swift */; };
		FABDC4C22B7DD1AE00970BDF /* Defaults.swift in Sources */ = {isa = PBXBuildFile; fileRef = FABDC4C12B7DD1AE00970BDF /* Defaults.swift */; };
		FABDC4C42B7DD36400970BDF /* BreathManager.swift in Sources */ = {isa = PBXBuildFile; fileRef = FABDC4C32B7DD36400970BDF /* BreathManager.swift */; };
		FABDC4C62B7DE22800970BDF /* ModalPullBar.swift in Sources */ = {isa = PBXBuildFile; fileRef = FABDC4C52B7DE22800970BDF /* ModalPullBar.swift */; };
		FABDC4C92B7DF21B00970BDF /* MarkdownKit in Frameworks */ = {isa = PBXBuildFile; productRef = FABDC4C82B7DF21B00970BDF /* MarkdownKit */; };
		FABDC4CC2B7DF2FE00970BDF /* LearnBaseViewController.swift in Sources */ = {isa = PBXBuildFile; fileRef = FABDC4CB2B7DF2FE00970BDF /* LearnBaseViewController.swift */; };
		FABDC4CE2B7DF3B900970BDF /* LearnManager.swift in Sources */ = {isa = PBXBuildFile; fileRef = FABDC4CD2B7DF3B900970BDF /* LearnManager.swift */; };
		FABDC4D02B7E07BA00970BDF /* LearnViewController.swift in Sources */ = {isa = PBXBuildFile; fileRef = FABDC4CF2B7E07BA00970BDF /* LearnViewController.swift */; };
		FABDC4D22B7E089300970BDF /* LearnItemCell.swift in Sources */ = {isa = PBXBuildFile; fileRef = FABDC4D12B7E089300970BDF /* LearnItemCell.swift */; };
		FABDC4E22B7E151300970BDF /* Be-Mindful.md in Resources */ = {isa = PBXBuildFile; fileRef = FABDC4DC2B7E151100970BDF /* Be-Mindful.md */; };
		FABDC4E32B7E151300970BDF /* Window-of-Tolerance.md in Resources */ = {isa = PBXBuildFile; fileRef = FABDC4DD2B7E151200970BDF /* Window-of-Tolerance.md */; };
		FABDC4E42B7E151300970BDF /* GIVE.md in Resources */ = {isa = PBXBuildFile; fileRef = FABDC4DE2B7E151200970BDF /* GIVE.md */; };
		FABDC4E52B7E151300970BDF /* FAST.md in Resources */ = {isa = PBXBuildFile; fileRef = FABDC4DF2B7E151200970BDF /* FAST.md */; };
		FABDC4E62B7E151300970BDF /* Wise-Mind.md in Resources */ = {isa = PBXBuildFile; fileRef = FABDC4E02B7E151200970BDF /* Wise-Mind.md */; };
		FABDC4E82B7EC45D00970BDF /* Urge-Surfing.md in Resources */ = {isa = PBXBuildFile; fileRef = FABDC4E72B7EC45D00970BDF /* Urge-Surfing.md */; };
		FABDC4EA2B7ED71B00970BDF /* Pacifico-Regular.ttf in Resources */ = {isa = PBXBuildFile; fileRef = FABDC4E92B7ED71B00970BDF /* Pacifico-Regular.ttf */; };
		FADEC5182B7BA84A00197E8D /* SenseView.swift in Sources */ = {isa = PBXBuildFile; fileRef = FADEC5172B7BA84A00197E8D /* SenseView.swift */; };
		FAF2D6102B7F823F009EC646 /* Attend-To-Relationships.md in Resources */ = {isa = PBXBuildFile; fileRef = FAF2D60F2B7F823F009EC646 /* Attend-To-Relationships.md */; };
		FAF2D6122B7F8258009EC646 /* Pain-vs-Suffering.md in Resources */ = {isa = PBXBuildFile; fileRef = FAF2D6112B7F8258009EC646 /* Pain-vs-Suffering.md */; };
		FAF2D6142B7F8707009EC646 /* GoalsViewController.swift in Sources */ = {isa = PBXBuildFile; fileRef = FAF2D6132B7F8707009EC646 /* GoalsViewController.swift */; };
		FAF2D6202B8072D1009EC646 /* Mindful Walking.md in Resources */ = {isa = PBXBuildFile; fileRef = FAF2D6152B8072CF009EC646 /* Mindful Walking.md */; };
		FAF2D6212B8072D1009EC646 /* Non-judgmental Stance.md in Resources */ = {isa = PBXBuildFile; fileRef = FAF2D6162B8072CF009EC646 /* Non-judgmental Stance.md */; };
		FAF2D6222B8072D1009EC646 /* Mindfulness in Daily Life.md in Resources */ = {isa = PBXBuildFile; fileRef = FAF2D6172B8072D0009EC646 /* Mindfulness in Daily Life.md */; };
		FAF2D6232B8072D1009EC646 /* Effectiveness.md in Resources */ = {isa = PBXBuildFile; fileRef = FAF2D6182B8072D0009EC646 /* Effectiveness.md */; };
		FAF2D6242B8072D1009EC646 /* Describing Emotions.md in Resources */ = {isa = PBXBuildFile; fileRef = FAF2D6192B8072D0009EC646 /* Describing Emotions.md */; };
		FAF2D6252B8072D1009EC646 /* Mindful Breathing.md in Resources */ = {isa = PBXBuildFile; fileRef = FAF2D61A2B8072D0009EC646 /* Mindful Breathing.md */; };
		FAF2D6262B8072D1009EC646 /* Observing Thoughts.md in Resources */ = {isa = PBXBuildFile; fileRef = FAF2D61B2B8072D0009EC646 /* Observing Thoughts.md */; };
		FAF2D6272B8072D1009EC646 /* Participating Fully.md in Resources */ = {isa = PBXBuildFile; fileRef = FAF2D61C2B8072D0009EC646 /* Participating Fully.md */; };
		FAF2D6282B8072D1009EC646 /* Understanding Distress Tolerance.md in Resources */ = {isa = PBXBuildFile; fileRef = FAF2D61D2B8072D1009EC646 /* Understanding Distress Tolerance.md */; };
		FAF2D6292B8072D1009EC646 /* Radical Acceptance.md in Resources */ = {isa = PBXBuildFile; fileRef = FAF2D61E2B8072D1009EC646 /* Radical Acceptance.md */; };
		FAF2D62A2B8072D1009EC646 /* What is DBT?.md in Resources */ = {isa = PBXBuildFile; fileRef = FAF2D61F2B8072D1009EC646 /* What is DBT?.md */; };
		FAFA4489297E7A4F0068B4A8 /* EditItemViewController.swift in Sources */ = {isa = PBXBuildFile; fileRef = FAFA4488297E7A4F0068B4A8 /* EditItemViewController.swift */; };
		FAFA448B297E89760068B4A8 /* EditMoodCell.swift in Sources */ = {isa = PBXBuildFile; fileRef = FAFA448A297E89760068B4A8 /* EditMoodCell.swift */; };
		FAFA448E297F75590068B4A8 /* FacebookCore in Frameworks */ = {isa = PBXBuildFile; productRef = FAFA448D297F75590068B4A8 /* FacebookCore */; };
		FAFA4490297F75590068B4A8 /* FacebookLogin in Frameworks */ = {isa = PBXBuildFile; productRef = FAFA448F297F75590068B4A8 /* FacebookLogin */; };
		FAFA4494297F89B20068B4A8 /* GoogleSignIn in Frameworks */ = {isa = PBXBuildFile; productRef = FAFA4493297F89B20068B4A8 /* GoogleSignIn */; };
		FAFA449D297FEE460068B4A8 /* EditMoodsViewController.swift in Sources */ = {isa = PBXBuildFile; fileRef = FAFA449C297FEE460068B4A8 /* EditMoodsViewController.swift */; };
/* End PBXBuildFile section */

/* Begin PBXContainerItemProxy section */
		FA20D5F0290B9FA90068332C /* PBXContainerItemProxy */ = {
			isa = PBXContainerItemProxy;
			containerPortal = FA20D5D1290B9F8E0068332C /* Project object */;
			proxyType = 1;
			remoteGlobalIDString = FA20D5D8290B9F8F0068332C;
			remoteInfo = MoodTracker;
		};
		FA20D5FA290B9FAA0068332C /* PBXContainerItemProxy */ = {
			isa = PBXContainerItemProxy;
			containerPortal = FA20D5D1290B9F8E0068332C /* Project object */;
			proxyType = 1;
			remoteGlobalIDString = FA20D5D8290B9F8F0068332C;
			remoteInfo = MoodTracker;
		};
/* End PBXContainerItemProxy section */

/* Begin PBXFileReference section */
		FA1630F5291A1CE00092721A /* SettingsViewController.swift */ = {isa = PBXFileReference; lastKnownFileType = sourcecode.swift; path = SettingsViewController.swift; sourceTree = "<group>"; };
		FA1630F7291A351B0092721A /* DeleteAccountViewController.swift */ = {isa = PBXFileReference; lastKnownFileType = sourcecode.swift; path = DeleteAccountViewController.swift; sourceTree = "<group>"; };
		FA1630F9291A58FC0092721A /* HomeMoodCell.swift */ = {isa = PBXFileReference; lastKnownFileType = sourcecode.swift; path = HomeMoodCell.swift; sourceTree = "<group>"; };
		FA17A1D02B78EAC7004C294E /* SenseSkillCell.swift */ = {isa = PBXFileReference; lastKnownFileType = sourcecode.swift; path = SenseSkillCell.swift; sourceTree = "<group>"; };
		FA1CC9BD29268F6A00CDA101 /* DayHeader.swift */ = {isa = PBXFileReference; lastKnownFileType = sourcecode.swift; path = DayHeader.swift; sourceTree = "<group>"; };
		FA1CC9BF292692A400CDA101 /* DayOverviewViewController.swift */ = {isa = PBXFileReference; lastKnownFileType = sourcecode.swift; path = DayOverviewViewController.swift; sourceTree = "<group>"; };
		FA20D5D9290B9F8F0068332C /* MoodTracker.app */ = {isa = PBXFileReference; explicitFileType = wrapper.application; includeInIndex = 0; path = MoodTracker.app; sourceTree = BUILT_PRODUCTS_DIR; };
		FA20D5DC290B9F8F0068332C /* AppDelegate.swift */ = {isa = PBXFileReference; lastKnownFileType = sourcecode.swift; path = AppDelegate.swift; sourceTree = "<group>"; };
		FA20D5DE290B9F8F0068332C /* SceneDelegate.swift */ = {isa = PBXFileReference; lastKnownFileType = sourcecode.swift; path = SceneDelegate.swift; sourceTree = "<group>"; };
		FA20D5E0290B9F8F0068332C /* WelcomeViewController.swift */ = {isa = PBXFileReference; lastKnownFileType = sourcecode.swift; path = WelcomeViewController.swift; sourceTree = "<group>"; };
		FA20D5E5290B9FA60068332C /* Assets.xcassets */ = {isa = PBXFileReference; lastKnownFileType = folder.assetcatalog; path = Assets.xcassets; sourceTree = "<group>"; };
		FA20D5E8290B9FA60068332C /* Base */ = {isa = PBXFileReference; lastKnownFileType = file.storyboard; name = Base; path = Base.lproj/LaunchScreen.storyboard; sourceTree = "<group>"; };
		FA20D5EF290B9FA90068332C /* MoodTrackerTests.xctest */ = {isa = PBXFileReference; explicitFileType = wrapper.cfbundle; includeInIndex = 0; path = MoodTrackerTests.xctest; sourceTree = BUILT_PRODUCTS_DIR; };
		FA20D5F3290B9FA90068332C /* MoodTrackerTests.swift */ = {isa = PBXFileReference; lastKnownFileType = sourcecode.swift; path = MoodTrackerTests.swift; sourceTree = "<group>"; };
		FA20D5F9290B9FAA0068332C /* MoodTrackerUITests.xctest */ = {isa = PBXFileReference; explicitFileType = wrapper.cfbundle; includeInIndex = 0; path = MoodTrackerUITests.xctest; sourceTree = BUILT_PRODUCTS_DIR; };
		FA20D5FD290B9FAA0068332C /* MoodTrackerUITests.swift */ = {isa = PBXFileReference; lastKnownFileType = sourcecode.swift; path = MoodTrackerUITests.swift; sourceTree = "<group>"; };
		FA20D5FF290B9FAA0068332C /* MoodTrackerUITestsLaunchTests.swift */ = {isa = PBXFileReference; lastKnownFileType = sourcecode.swift; path = MoodTrackerUITestsLaunchTests.swift; sourceTree = "<group>"; };
		FA3B565E290BB0A300FBA068 /* FredokaOne-Regular.ttf */ = {isa = PBXFileReference; lastKnownFileType = file; path = "FredokaOne-Regular.ttf"; sourceTree = "<group>"; };
		FA3B5661290BB48A00FBA068 /* GoogleService-Info.plist */ = {isa = PBXFileReference; fileEncoding = 4; lastKnownFileType = text.plist.xml; path = "GoogleService-Info.plist"; sourceTree = "<group>"; };
		FA3B566A290BBCDE00FBA068 /* CustomViews.swift */ = {isa = PBXFileReference; lastKnownFileType = sourcecode.swift; path = CustomViews.swift; sourceTree = "<group>"; };
		FA4327F72B79A97400C8079E /* SenseItem.swift */ = {isa = PBXFileReference; lastKnownFileType = sourcecode.swift; path = SenseItem.swift; sourceTree = "<group>"; };
		FA492A882917845A00E92F9A /* LoginViewController.swift */ = {isa = PBXFileReference; lastKnownFileType = sourcecode.swift; path = LoginViewController.swift; sourceTree = "<group>"; };
		FA492A8A2917AB4200E92F9A /* NavVC.swift */ = {isa = PBXFileReference; lastKnownFileType = sourcecode.swift; path = NavVC.swift; sourceTree = "<group>"; };
		FA492A8C2917AC7600E92F9A /* HomeViewController.swift */ = {isa = PBXFileReference; lastKnownFileType = sourcecode.swift; path = HomeViewController.swift; sourceTree = "<group>"; };
		FA492A8E2917B91800E92F9A /* CreateAccountViewController.swift */ = {isa = PBXFileReference; lastKnownFileType = sourcecode.swift; path = CreateAccountViewController.swift; sourceTree = "<group>"; };
		FA492A902917DD2400E92F9A /* SelectMoodsViewController.swift */ = {isa = PBXFileReference; lastKnownFileType = sourcecode.swift; path = SelectMoodsViewController.swift; sourceTree = "<group>"; };
		FA492A922917DDF600E92F9A /* Moods.md */ = {isa = PBXFileReference; lastKnownFileType = net.daringfireball.markdown; path = Moods.md; sourceTree = "<group>"; };
		FA492A932917E23100E92F9A /* Moods.swift */ = {isa = PBXFileReference; lastKnownFileType = sourcecode.swift; path = Moods.swift; sourceTree = "<group>"; };
		FA492A952917F80E00E92F9A /* Colors.swift */ = {isa = PBXFileReference; lastKnownFileType = sourcecode.swift; path = Colors.swift; sourceTree = "<group>"; };
		FA492A97291822FE00E92F9A /* AddItemViewController.swift */ = {isa = PBXFileReference; lastKnownFileType = sourcecode.swift; path = AddItemViewController.swift; sourceTree = "<group>"; };
		FA492A992918964400E92F9A /* Mood.swift */ = {isa = PBXFileReference; lastKnownFileType = sourcecode.swift; path = Mood.swift; sourceTree = "<group>"; };
		FA492A9B2918A22F00E92F9A /* AuthManager.swift */ = {isa = PBXFileReference; lastKnownFileType = sourcecode.swift; path = AuthManager.swift; sourceTree = "<group>"; };
		FA492A9D2918C21700E92F9A /* MoodsItem.swift */ = {isa = PBXFileReference; lastKnownFileType = sourcecode.swift; path = MoodsItem.swift; sourceTree = "<group>"; };
		FA492A9F2919506F00E92F9A /* MoodsManager.swift */ = {isa = PBXFileReference; lastKnownFileType = sourcecode.swift; path = MoodsManager.swift; sourceTree = "<group>"; };
		FA492AA8291951A800E92F9A /* HomeItemCell.swift */ = {isa = PBXFileReference; lastKnownFileType = sourcecode.swift; path = HomeItemCell.swift; sourceTree = "<group>"; };
		FA492AAA291951D900E92F9A /* MoodCollectionCell.swift */ = {isa = PBXFileReference; lastKnownFileType = sourcecode.swift; path = MoodCollectionCell.swift; sourceTree = "<group>"; };
		FA7F42CF291D756D00C6EA2C /* GetAffirmationView.swift */ = {isa = PBXFileReference; lastKnownFileType = sourcecode.swift; path = GetAffirmationView.swift; sourceTree = "<group>"; };
		FA7F42D2291D78E300C6EA2C /* Quote.swift */ = {isa = PBXFileReference; lastKnownFileType = sourcecode.swift; path = Quote.swift; sourceTree = "<group>"; };
		FAA414AE2B791C6F004EEA57 /* SenseManager.swift */ = {isa = PBXFileReference; lastKnownFileType = sourcecode.swift; path = SenseManager.swift; sourceTree = "<group>"; };
		FAB21B572B77C20400395E6A /* TabbedViewController.swift */ = {isa = PBXFileReference; lastKnownFileType = sourcecode.swift; path = TabbedViewController.swift; sourceTree = "<group>"; };
		FAB21B592B77C58F00395E6A /* CopeViewController.swift */ = {isa = PBXFileReference; lastKnownFileType = sourcecode.swift; path = CopeViewController.swift; sourceTree = "<group>"; };
		FAB21B5B2B77D0ED00395E6A /* BreatheViewController.swift */ = {isa = PBXFileReference; lastKnownFileType = sourcecode.swift; path = BreatheViewController.swift; sourceTree = "<group>"; };
		FAB21B5D2B784B1800395E6A /* ChartLegendCell.swift */ = {isa = PBXFileReference; lastKnownFileType = sourcecode.swift; path = ChartLegendCell.swift; sourceTree = "<group>"; };
		FAB21B5F2B7854A500395E6A /* MoodDetailsViewController.swift */ = {isa = PBXFileReference; lastKnownFileType = sourcecode.swift; path = MoodDetailsViewController.swift; sourceTree = "<group>"; };
		FAB21B612B7856B400395E6A /* ChartManager.swift */ = {isa = PBXFileReference; lastKnownFileType = sourcecode.swift; path = ChartManager.swift; sourceTree = "<group>"; };
		FAB21B632B785CF900395E6A /* ChartLegend.swift */ = {isa = PBXFileReference; lastKnownFileType = sourcecode.swift; path = ChartLegend.swift; sourceTree = "<group>"; };
		FAB21B652B78C64B00395E6A /* SenseViewController.swift */ = {isa = PBXFileReference; lastKnownFileType = sourcecode.swift; path = SenseViewController.swift; sourceTree = "<group>"; };
		FAB21B672B78D0DE00395E6A /* SenseOptionsViewController.swift */ = {isa = PBXFileReference; lastKnownFileType = sourcecode.swift; path = SenseOptionsViewController.swift; sourceTree = "<group>"; };
		FAB46A242986503100959A7E /* AdSupport.framework */ = {isa = PBXFileReference; lastKnownFileType = wrapper.framework; name = AdSupport.framework; path = System/Library/Frameworks/AdSupport.framework; sourceTree = SDKROOT; };
		FABDC4BB2B7DB52800970BDF /* BreatheOptionsViewController.swift */ = {isa = PBXFileReference; lastKnownFileType = sourcecode.swift; path = BreatheOptionsViewController.swift; sourceTree = "<group>"; };
		FABDC4BD2B7DB69200970BDF /* BreatheOptionView.swift */ = {isa = PBXFileReference; lastKnownFileType = sourcecode.swift; path = BreatheOptionView.swift; sourceTree = "<group>"; };
		FABDC4BF2B7DBC4800970BDF /* TextField.swift */ = {isa = PBXFileReference; lastKnownFileType = sourcecode.swift; path = TextField.swift; sourceTree = "<group>"; };
		FABDC4C12B7DD1AE00970BDF /* Defaults.swift */ = {isa = PBXFileReference; lastKnownFileType = sourcecode.swift; path = Defaults.swift; sourceTree = "<group>"; };
		FABDC4C32B7DD36400970BDF /* BreathManager.swift */ = {isa = PBXFileReference; lastKnownFileType = sourcecode.swift; path = BreathManager.swift; sourceTree = "<group>"; };
		FABDC4C52B7DE22800970BDF /* ModalPullBar.swift */ = {isa = PBXFileReference; lastKnownFileType = sourcecode.swift; path = ModalPullBar.swift; sourceTree = "<group>"; };
		FABDC4CB2B7DF2FE00970BDF /* LearnBaseViewController.swift */ = {isa = PBXFileReference; lastKnownFileType = sourcecode.swift; path = LearnBaseViewController.swift; sourceTree = "<group>"; };
		FABDC4CD2B7DF3B900970BDF /* LearnManager.swift */ = {isa = PBXFileReference; lastKnownFileType = sourcecode.swift; path = LearnManager.swift; sourceTree = "<group>"; };
		FABDC4CF2B7E07BA00970BDF /* LearnViewController.swift */ = {isa = PBXFileReference; lastKnownFileType = sourcecode.swift; path = LearnViewController.swift; sourceTree = "<group>"; };
		FABDC4D12B7E089300970BDF /* LearnItemCell.swift */ = {isa = PBXFileReference; lastKnownFileType = sourcecode.swift; path = LearnItemCell.swift; sourceTree = "<group>"; };
		FABDC4DC2B7E151100970BDF /* Be-Mindful.md */ = {isa = PBXFileReference; fileEncoding = 4; lastKnownFileType = net.daringfireball.markdown; path = "Be-Mindful.md"; sourceTree = "<group>"; };
		FABDC4DD2B7E151200970BDF /* Window-of-Tolerance.md */ = {isa = PBXFileReference; fileEncoding = 4; lastKnownFileType = net.daringfireball.markdown; path = "Window-of-Tolerance.md"; sourceTree = "<group>"; };
		FABDC4DE2B7E151200970BDF /* GIVE.md */ = {isa = PBXFileReference; fileEncoding = 4; lastKnownFileType = net.daringfireball.markdown; path = GIVE.md; sourceTree = "<group>"; };
		FABDC4DF2B7E151200970BDF /* FAST.md */ = {isa = PBXFileReference; fileEncoding = 4; lastKnownFileType = net.daringfireball.markdown; path = FAST.md; sourceTree = "<group>"; };
		FABDC4E02B7E151200970BDF /* Wise-Mind.md */ = {isa = PBXFileReference; fileEncoding = 4; lastKnownFileType = net.daringfireball.markdown; path = "Wise-Mind.md"; sourceTree = "<group>"; };
		FABDC4E72B7EC45D00970BDF /* Urge-Surfing.md */ = {isa = PBXFileReference; fileEncoding = 4; lastKnownFileType = net.daringfireball.markdown; path = "Urge-Surfing.md"; sourceTree = "<group>"; };
		FABDC4E92B7ED71B00970BDF /* Pacifico-Regular.ttf */ = {isa = PBXFileReference; lastKnownFileType = file; path = "Pacifico-Regular.ttf"; sourceTree = "<group>"; };
		FADEC5172B7BA84A00197E8D /* SenseView.swift */ = {isa = PBXFileReference; lastKnownFileType = sourcecode.swift; path = SenseView.swift; sourceTree = "<group>"; };
		FAF2D60F2B7F823F009EC646 /* Attend-To-Relationships.md */ = {isa = PBXFileReference; fileEncoding = 4; lastKnownFileType = net.daringfireball.markdown; path = "Attend-To-Relationships.md"; sourceTree = "<group>"; };
		FAF2D6112B7F8258009EC646 /* Pain-vs-Suffering.md */ = {isa = PBXFileReference; fileEncoding = 4; lastKnownFileType = net.daringfireball.markdown; path = "Pain-vs-Suffering.md"; sourceTree = "<group>"; };
		FAF2D6132B7F8707009EC646 /* GoalsViewController.swift */ = {isa = PBXFileReference; lastKnownFileType = sourcecode.swift; path = GoalsViewController.swift; sourceTree = "<group>"; };
		FAF2D6152B8072CF009EC646 /* Mindful Walking.md */ = {isa = PBXFileReference; fileEncoding = 4; lastKnownFileType = net.daringfireball.markdown; path = "Mindful Walking.md"; sourceTree = "<group>"; };
		FAF2D6162B8072CF009EC646 /* Non-judgmental Stance.md */ = {isa = PBXFileReference; fileEncoding = 4; lastKnownFileType = net.daringfireball.markdown; path = "Non-judgmental Stance.md"; sourceTree = "<group>"; };
		FAF2D6172B8072D0009EC646 /* Mindfulness in Daily Life.md */ = {isa = PBXFileReference; fileEncoding = 4; lastKnownFileType = net.daringfireball.markdown; path = "Mindfulness in Daily Life.md"; sourceTree = "<group>"; };
		FAF2D6182B8072D0009EC646 /* Effectiveness.md */ = {isa = PBXFileReference; fileEncoding = 4; lastKnownFileType = net.daringfireball.markdown; path = Effectiveness.md; sourceTree = "<group>"; };
		FAF2D6192B8072D0009EC646 /* Describing Emotions.md */ = {isa = PBXFileReference; fileEncoding = 4; lastKnownFileType = net.daringfireball.markdown; path = "Describing Emotions.md"; sourceTree = "<group>"; };
		FAF2D61A2B8072D0009EC646 /* Mindful Breathing.md */ = {isa = PBXFileReference; fileEncoding = 4; lastKnownFileType = net.daringfireball.markdown; path = "Mindful Breathing.md"; sourceTree = "<group>"; };
		FAF2D61B2B8072D0009EC646 /* Observing Thoughts.md */ = {isa = PBXFileReference; fileEncoding = 4; lastKnownFileType = net.daringfireball.markdown; path = "Observing Thoughts.md"; sourceTree = "<group>"; };
		FAF2D61C2B8072D0009EC646 /* Participating Fully.md */ = {isa = PBXFileReference; fileEncoding = 4; lastKnownFileType = net.daringfireball.markdown; path = "Participating Fully.md"; sourceTree = "<group>"; };
		FAF2D61D2B8072D1009EC646 /* Understanding Distress Tolerance.md */ = {isa = PBXFileReference; fileEncoding = 4; lastKnownFileType = net.daringfireball.markdown; path = "Understanding Distress Tolerance.md"; sourceTree = "<group>"; };
		FAF2D61E2B8072D1009EC646 /* Radical Acceptance.md */ = {isa = PBXFileReference; fileEncoding = 4; lastKnownFileType = net.daringfireball.markdown; path = "Radical Acceptance.md"; sourceTree = "<group>"; };
		FAF2D61F2B8072D1009EC646 /* What is DBT?.md */ = {isa = PBXFileReference; fileEncoding = 4; lastKnownFileType = net.daringfireball.markdown; path = "What is DBT?.md"; sourceTree = "<group>"; };
		FAFA4488297E7A4F0068B4A8 /* EditItemViewController.swift */ = {isa = PBXFileReference; lastKnownFileType = sourcecode.swift; path = EditItemViewController.swift; sourceTree = "<group>"; };
		FAFA448A297E89760068B4A8 /* EditMoodCell.swift */ = {isa = PBXFileReference; lastKnownFileType = sourcecode.swift; path = EditMoodCell.swift; sourceTree = "<group>"; };
		FAFA4491297F76940068B4A8 /* MoodTracker.entitlements */ = {isa = PBXFileReference; lastKnownFileType = text.plist.entitlements; path = MoodTracker.entitlements; sourceTree = "<group>"; };
		FAFA449A297FC0AB0068B4A8 /* Info.plist */ = {isa = PBXFileReference; lastKnownFileType = text.plist.xml; path = Info.plist; sourceTree = "<group>"; };
		FAFA449C297FEE460068B4A8 /* EditMoodsViewController.swift */ = {isa = PBXFileReference; lastKnownFileType = sourcecode.swift; path = EditMoodsViewController.swift; sourceTree = "<group>"; };
/* End PBXFileReference section */

/* Begin PBXFrameworksBuildPhase section */
		FA20D5D6290B9F8F0068332C /* Frameworks */ = {
			isa = PBXFrameworksBuildPhase;
			buildActionMask = 2147483647;
			files = (
				FA3B5665290BB6EC00FBA068 /* FirebaseAnalytics in Frameworks */,
				FAB46A252986503100959A7E /* AdSupport.framework in Frameworks */,
				FAFA448E297F75590068B4A8 /* FacebookCore in Frameworks */,
				FAFA4490297F75590068B4A8 /* FacebookLogin in Frameworks */,
				FABDC4C92B7DF21B00970BDF /* MarkdownKit in Frameworks */,
				FA3B5667290BB6EC00FBA068 /* FirebaseAuth in Frameworks */,
				FA3B5669290BB6EC00FBA068 /* FirebaseFirestore in Frameworks */,
				FA1CC9C329269FEA00CDA101 /* Charts in Frameworks */,
				FAFA4494297F89B20068B4A8 /* GoogleSignIn in Frameworks */,
			);
			runOnlyForDeploymentPostprocessing = 0;
		};
		FA20D5EC290B9FA90068332C /* Frameworks */ = {
			isa = PBXFrameworksBuildPhase;
			buildActionMask = 2147483647;
			files = (
			);
			runOnlyForDeploymentPostprocessing = 0;
		};
		FA20D5F6290B9FAA0068332C /* Frameworks */ = {
			isa = PBXFrameworksBuildPhase;
			buildActionMask = 2147483647;
			files = (
			);
			runOnlyForDeploymentPostprocessing = 0;
		};
/* End PBXFrameworksBuildPhase section */

/* Begin PBXGroup section */
		FA20D5D0290B9F8E0068332C = {
			isa = PBXGroup;
			children = (
				FA20D5DB290B9F8F0068332C /* MoodTracker */,
				FA20D5F2290B9FA90068332C /* MoodTrackerTests */,
				FA20D5FC290B9FAA0068332C /* MoodTrackerUITests */,
				FA20D5DA290B9F8F0068332C /* Products */,
				FAB46A232986503000959A7E /* Frameworks */,
			);
			sourceTree = "<group>";
		};
		FA20D5DA290B9F8F0068332C /* Products */ = {
			isa = PBXGroup;
			children = (
				FA20D5D9290B9F8F0068332C /* MoodTracker.app */,
				FA20D5EF290B9FA90068332C /* MoodTrackerTests.xctest */,
				FA20D5F9290B9FAA0068332C /* MoodTrackerUITests.xctest */,
			);
			name = Products;
			sourceTree = "<group>";
		};
		FA20D5DB290B9F8F0068332C /* MoodTracker */ = {
			isa = PBXGroup;
			children = (
				FAFA4491297F76940068B4A8 /* MoodTracker.entitlements */,
				FA7F42D1291D785C00C6EA2C /* Models */,
				FA7F42CE291D755500C6EA2C /* Views */,
				FA492AA3291950CB00E92F9A /* Managers */,
				FA492AA4291950F000E92F9A /* Delegates */,
				FA492A932917E23100E92F9A /* Moods.swift */,
				FA492A952917F80E00E92F9A /* Colors.swift */,
				FABDC4C12B7DD1AE00970BDF /* Defaults.swift */,
				FA20D5E5290B9FA60068332C /* Assets.xcassets */,
				FA492A922917DDF600E92F9A /* Moods.md */,
				FA20D5E7290B9FA60068332C /* LaunchScreen.storyboard */,
				FAFA449A297FC0AB0068B4A8 /* Info.plist */,
				FA3B5661290BB48A00FBA068 /* GoogleService-Info.plist */,
				FA3B5660290BB0A800FBA068 /* Fonts */,
			);
			path = MoodTracker;
			sourceTree = "<group>";
		};
		FA20D5F2290B9FA90068332C /* MoodTrackerTests */ = {
			isa = PBXGroup;
			children = (
				FA20D5F3290B9FA90068332C /* MoodTrackerTests.swift */,
			);
			path = MoodTrackerTests;
			sourceTree = "<group>";
		};
		FA20D5FC290B9FAA0068332C /* MoodTrackerUITests */ = {
			isa = PBXGroup;
			children = (
				FA20D5FD290B9FAA0068332C /* MoodTrackerUITests.swift */,
				FA20D5FF290B9FAA0068332C /* MoodTrackerUITestsLaunchTests.swift */,
			);
			path = MoodTrackerUITests;
			sourceTree = "<group>";
		};
		FA3B5660290BB0A800FBA068 /* Fonts */ = {
			isa = PBXGroup;
			children = (
				FABDC4E92B7ED71B00970BDF /* Pacifico-Regular.ttf */,
				FA3B565E290BB0A300FBA068 /* FredokaOne-Regular.ttf */,
			);
			path = Fonts;
			sourceTree = "<group>";
		};
		FA492AA12919509A00E92F9A /* View Controllers */ = {
			isa = PBXGroup;
			children = (
				FA492A8A2917AB4200E92F9A /* NavVC.swift */,
				FA20D5E0290B9F8F0068332C /* WelcomeViewController.swift */,
				FA492A882917845A00E92F9A /* LoginViewController.swift */,
				FA1630F5291A1CE00092721A /* SettingsViewController.swift */,
				FABDC4CA2B7DF2ED00970BDF /* Learn */,
				FA1630F7291A351B0092721A /* DeleteAccountViewController.swift */,
				FAB21B5B2B77D0ED00395E6A /* BreatheViewController.swift */,
				FABDC4BB2B7DB52800970BDF /* BreatheOptionsViewController.swift */,
				FAF2D6132B7F8707009EC646 /* GoalsViewController.swift */,
				FA492A8E2917B91800E92F9A /* CreateAccountViewController.swift */,
				FAB21B672B78D0DE00395E6A /* SenseOptionsViewController.swift */,
				FA492A97291822FE00E92F9A /* AddItemViewController.swift */,
				FAB21B652B78C64B00395E6A /* SenseViewController.swift */,
				FA492A902917DD2400E92F9A /* SelectMoodsViewController.swift */,
				FA492A8C2917AC7600E92F9A /* HomeViewController.swift */,
				FAB21B5F2B7854A500395E6A /* MoodDetailsViewController.swift */,
				FA1CC9BF292692A400CDA101 /* DayOverviewViewController.swift */,
				FABDC4CF2B7E07BA00970BDF /* LearnViewController.swift */,
				FAB21B592B77C58F00395E6A /* CopeViewController.swift */,
				FAFA4488297E7A4F0068B4A8 /* EditItemViewController.swift */,
				FAFA449C297FEE460068B4A8 /* EditMoodsViewController.swift */,
				FAB21B572B77C20400395E6A /* TabbedViewController.swift */,
			);
			path = "View Controllers";
			sourceTree = "<group>";
		};
		FA492AA3291950CB00E92F9A /* Managers */ = {
			isa = PBXGroup;
			children = (
				FA492A9F2919506F00E92F9A /* MoodsManager.swift */,
				FA492A9B2918A22F00E92F9A /* AuthManager.swift */,
				FABDC4CD2B7DF3B900970BDF /* LearnManager.swift */,
				FAA414AE2B791C6F004EEA57 /* SenseManager.swift */,
				FABDC4C32B7DD36400970BDF /* BreathManager.swift */,
				FAB21B612B7856B400395E6A /* ChartManager.swift */,
			);
			path = Managers;
			sourceTree = "<group>";
		};
		FA492AA4291950F000E92F9A /* Delegates */ = {
			isa = PBXGroup;
			children = (
				FA20D5DC290B9F8F0068332C /* AppDelegate.swift */,
				FA20D5DE290B9F8F0068332C /* SceneDelegate.swift */,
			);
			path = Delegates;
			sourceTree = "<group>";
		};
		FA492AA72919518800E92F9A /* Cells */ = {
			isa = PBXGroup;
			children = (
				FA492AA8291951A800E92F9A /* HomeItemCell.swift */,
				FABDC4D12B7E089300970BDF /* LearnItemCell.swift */,
				FA17A1D02B78EAC7004C294E /* SenseSkillCell.swift */,
				FA492AAA291951D900E92F9A /* MoodCollectionCell.swift */,
				FA1630F9291A58FC0092721A /* HomeMoodCell.swift */,
				FAB21B5D2B784B1800395E6A /* ChartLegendCell.swift */,
				FAFA448A297E89760068B4A8 /* EditMoodCell.swift */,
			);
			path = Cells;
			sourceTree = "<group>";
		};
		FA7F42CE291D755500C6EA2C /* Views */ = {
			isa = PBXGroup;
			children = (
				FA492AA72919518800E92F9A /* Cells */,
				FA492AA12919509A00E92F9A /* View Controllers */,
				FA7F42CF291D756D00C6EA2C /* GetAffirmationView.swift */,
				FA3B566A290BBCDE00FBA068 /* CustomViews.swift */,
				FA1CC9BD29268F6A00CDA101 /* DayHeader.swift */,
				FAB21B632B785CF900395E6A /* ChartLegend.swift */,
				FADEC5172B7BA84A00197E8D /* SenseView.swift */,
				FABDC4BD2B7DB69200970BDF /* BreatheOptionView.swift */,
				FABDC4BF2B7DBC4800970BDF /* TextField.swift */,
				FABDC4C52B7DE22800970BDF /* ModalPullBar.swift */,
			);
			path = Views;
			sourceTree = "<group>";
		};
		FA7F42D1291D785C00C6EA2C /* Models */ = {
			isa = PBXGroup;
			children = (
				FA492A9D2918C21700E92F9A /* MoodsItem.swift */,
				FA4327F72B79A97400C8079E /* SenseItem.swift */,
				FA7F42D2291D78E300C6EA2C /* Quote.swift */,
				FA492A992918964400E92F9A /* Mood.swift */,
			);
			path = Models;
			sourceTree = "<group>";
		};
		FAB46A232986503000959A7E /* Frameworks */ = {
			isa = PBXGroup;
			children = (
				FAB46A242986503100959A7E /* AdSupport.framework */,
			);
			name = Frameworks;
			sourceTree = "<group>";
		};
		FABDC4CA2B7DF2ED00970BDF /* Learn */ = {
			isa = PBXGroup;
			children = (
				FABDC4D32B7E0F5D00970BDF /* Markdown */,
				FABDC4CB2B7DF2FE00970BDF /* LearnBaseViewController.swift */,
			);
			path = Learn;
			sourceTree = "<group>";
		};
		FABDC4D32B7E0F5D00970BDF /* Markdown */ = {
			isa = PBXGroup;
			children = (
				FABDC4DC2B7E151100970BDF /* Be-Mindful.md */,
				FABDC4DF2B7E151200970BDF /* FAST.md */,
				FABDC4DE2B7E151200970BDF /* GIVE.md */,
				FABDC4E72B7EC45D00970BDF /* Urge-Surfing.md */,
				FABDC4DD2B7E151200970BDF /* Window-of-Tolerance.md */,
				FAF2D6112B7F8258009EC646 /* Pain-vs-Suffering.md */,
				FABDC4E02B7E151200970BDF /* Wise-Mind.md */,
				FAF2D60F2B7F823F009EC646 /* Attend-To-Relationships.md */,
				FAF2D6192B8072D0009EC646 /* Describing Emotions.md */,
				FAF2D6182B8072D0009EC646 /* Effectiveness.md */,
				FAF2D61A2B8072D0009EC646 /* Mindful Breathing.md */,
				FAF2D6152B8072CF009EC646 /* Mindful Walking.md */,
				FAF2D6172B8072D0009EC646 /* Mindfulness in Daily Life.md */,
				FAF2D6162B8072CF009EC646 /* Non-judgmental Stance.md */,
				FAF2D61B2B8072D0009EC646 /* Observing Thoughts.md */,
				FAF2D61C2B8072D0009EC646 /* Participating Fully.md */,
				FAF2D61E2B8072D1009EC646 /* Radical Acceptance.md */,
				FAF2D61D2B8072D1009EC646 /* Understanding Distress Tolerance.md */,
				FAF2D61F2B8072D1009EC646 /* What is DBT?.md */,
			);
			path = Markdown;
			sourceTree = "<group>";
		};
/* End PBXGroup section */

/* Begin PBXNativeTarget section */
		FA20D5D8290B9F8F0068332C /* MoodTracker */ = {
			isa = PBXNativeTarget;
			buildConfigurationList = FA20D603290B9FAA0068332C /* Build configuration list for PBXNativeTarget "MoodTracker" */;
			buildPhases = (
				FA20D5D5290B9F8F0068332C /* Sources */,
				FA20D5D6290B9F8F0068332C /* Frameworks */,
				FA20D5D7290B9F8F0068332C /* Resources */,
			);
			buildRules = (
			);
			dependencies = (
			);
			name = MoodTracker;
			packageProductDependencies = (
				FA3B5664290BB6EC00FBA068 /* FirebaseAnalytics */,
				FA3B5666290BB6EC00FBA068 /* FirebaseAuth */,
				FA3B5668290BB6EC00FBA068 /* FirebaseFirestore */,
				FA1CC9C229269FEA00CDA101 /* Charts */,
				FAFA448D297F75590068B4A8 /* FacebookCore */,
				FAFA448F297F75590068B4A8 /* FacebookLogin */,
				FAFA4493297F89B20068B4A8 /* GoogleSignIn */,
				FABDC4C82B7DF21B00970BDF /* MarkdownKit */,
			);
			productName = MoodTracker;
			productReference = FA20D5D9290B9F8F0068332C /* MoodTracker.app */;
			productType = "com.apple.product-type.application";
		};
		FA20D5EE290B9FA90068332C /* MoodTrackerTests */ = {
			isa = PBXNativeTarget;
			buildConfigurationList = FA20D606290B9FAA0068332C /* Build configuration list for PBXNativeTarget "MoodTrackerTests" */;
			buildPhases = (
				FA20D5EB290B9FA90068332C /* Sources */,
				FA20D5EC290B9FA90068332C /* Frameworks */,
				FA20D5ED290B9FA90068332C /* Resources */,
			);
			buildRules = (
			);
			dependencies = (
				FA20D5F1290B9FA90068332C /* PBXTargetDependency */,
			);
			name = MoodTrackerTests;
			productName = MoodTrackerTests;
			productReference = FA20D5EF290B9FA90068332C /* MoodTrackerTests.xctest */;
			productType = "com.apple.product-type.bundle.unit-test";
		};
		FA20D5F8290B9FAA0068332C /* MoodTrackerUITests */ = {
			isa = PBXNativeTarget;
			buildConfigurationList = FA20D609290B9FAA0068332C /* Build configuration list for PBXNativeTarget "MoodTrackerUITests" */;
			buildPhases = (
				FA20D5F5290B9FAA0068332C /* Sources */,
				FA20D5F6290B9FAA0068332C /* Frameworks */,
				FA20D5F7290B9FAA0068332C /* Resources */,
			);
			buildRules = (
			);
			dependencies = (
				FA20D5FB290B9FAA0068332C /* PBXTargetDependency */,
			);
			name = MoodTrackerUITests;
			productName = MoodTrackerUITests;
			productReference = FA20D5F9290B9FAA0068332C /* MoodTrackerUITests.xctest */;
			productType = "com.apple.product-type.bundle.ui-testing";
		};
/* End PBXNativeTarget section */

/* Begin PBXProject section */
		FA20D5D1290B9F8E0068332C /* Project object */ = {
			isa = PBXProject;
			attributes = {
				BuildIndependentTargetsInParallel = 1;
				LastSwiftUpdateCheck = 1340;
				LastUpgradeCheck = 1340;
				TargetAttributes = {
					FA20D5D8290B9F8F0068332C = {
						CreatedOnToolsVersion = 13.4.1;
					};
					FA20D5EE290B9FA90068332C = {
						CreatedOnToolsVersion = 13.4.1;
						TestTargetID = FA20D5D8290B9F8F0068332C;
					};
					FA20D5F8290B9FAA0068332C = {
						CreatedOnToolsVersion = 13.4.1;
						TestTargetID = FA20D5D8290B9F8F0068332C;
					};
				};
			};
			buildConfigurationList = FA20D5D4290B9F8E0068332C /* Build configuration list for PBXProject "MoodTracker" */;
			compatibilityVersion = "Xcode 13.0";
			developmentRegion = en;
			hasScannedForEncodings = 0;
			knownRegions = (
				en,
				Base,
			);
			mainGroup = FA20D5D0290B9F8E0068332C;
			packageReferences = (
				FA3B5663290BB6EC00FBA068 /* XCRemoteSwiftPackageReference "firebase-ios-sdk" */,
				FA1CC9C129269FEA00CDA101 /* XCRemoteSwiftPackageReference "Charts" */,
				FAFA448C297F75590068B4A8 /* XCRemoteSwiftPackageReference "facebook-ios-sdk" */,
				FAFA4492297F89B20068B4A8 /* XCRemoteSwiftPackageReference "GoogleSignIn-iOS" */,
				FABDC4C72B7DF21B00970BDF /* XCRemoteSwiftPackageReference "MarkdownKit" */,
			);
			productRefGroup = FA20D5DA290B9F8F0068332C /* Products */;
			projectDirPath = "";
			projectRoot = "";
			targets = (
				FA20D5D8290B9F8F0068332C /* MoodTracker */,
				FA20D5EE290B9FA90068332C /* MoodTrackerTests */,
				FA20D5F8290B9FAA0068332C /* MoodTrackerUITests */,
			);
		};
/* End PBXProject section */

/* Begin PBXResourcesBuildPhase section */
		FA20D5D7290B9F8F0068332C /* Resources */ = {
			isa = PBXResourcesBuildPhase;
			buildActionMask = 2147483647;
			files = (
				FA20D5E9290B9FA60068332C /* LaunchScreen.storyboard in Resources */,
				FAF2D6252B8072D1009EC646 /* Mindful Breathing.md in Resources */,
				FABDC4E82B7EC45D00970BDF /* Urge-Surfing.md in Resources */,
				FABDC4E42B7E151300970BDF /* GIVE.md in Resources */,
				FAF2D6272B8072D1009EC646 /* Participating Fully.md in Resources */,
				FAF2D6242B8072D1009EC646 /* Describing Emotions.md in Resources */,
				FAF2D6282B8072D1009EC646 /* Understanding Distress Tolerance.md in Resources */,
				FABDC4E62B7E151300970BDF /* Wise-Mind.md in Resources */,
				FAF2D6102B7F823F009EC646 /* Attend-To-Relationships.md in Resources */,
				FAF2D6212B8072D1009EC646 /* Non-judgmental Stance.md in Resources */,
				FAF2D6292B8072D1009EC646 /* Radical Acceptance.md in Resources */,
				FAF2D6122B7F8258009EC646 /* Pain-vs-Suffering.md in Resources */,
				FAF2D6262B8072D1009EC646 /* Observing Thoughts.md in Resources */,
				FABDC4E22B7E151300970BDF /* Be-Mindful.md in Resources */,
				FA20D5E6290B9FA60068332C /* Assets.xcassets in Resources */,
				FAF2D62A2B8072D1009EC646 /* What is DBT?.md in Resources */,
				FA3B5662290BB48A00FBA068 /* GoogleService-Info.plist in Resources */,
				FABDC4E52B7E151300970BDF /* FAST.md in Resources */,
				FABDC4EA2B7ED71B00970BDF /* Pacifico-Regular.ttf in Resources */,
				FAF2D6232B8072D1009EC646 /* Effectiveness.md in Resources */,
				FABDC4E32B7E151300970BDF /* Window-of-Tolerance.md in Resources */,
				FAF2D6222B8072D1009EC646 /* Mindfulness in Daily Life.md in Resources */,
				FA3B565F290BB0A300FBA068 /* FredokaOne-Regular.ttf in Resources */,
				FAF2D6202B8072D1009EC646 /* Mindful Walking.md in Resources */,
			);
			runOnlyForDeploymentPostprocessing = 0;
		};
		FA20D5ED290B9FA90068332C /* Resources */ = {
			isa = PBXResourcesBuildPhase;
			buildActionMask = 2147483647;
			files = (
			);
			runOnlyForDeploymentPostprocessing = 0;
		};
		FA20D5F7290B9FAA0068332C /* Resources */ = {
			isa = PBXResourcesBuildPhase;
			buildActionMask = 2147483647;
			files = (
			);
			runOnlyForDeploymentPostprocessing = 0;
		};
/* End PBXResourcesBuildPhase section */

/* Begin PBXSourcesBuildPhase section */
		FA20D5D5290B9F8F0068332C /* Sources */ = {
			isa = PBXSourcesBuildPhase;
			buildActionMask = 2147483647;
			files = (
				FABDC4CE2B7DF3B900970BDF /* LearnManager.swift in Sources */,
				FAF2D6142B7F8707009EC646 /* GoalsViewController.swift in Sources */,
				FA7F42D0291D756D00C6EA2C /* GetAffirmationView.swift in Sources */,
				FABDC4C42B7DD36400970BDF /* BreathManager.swift in Sources */,
				FAFA4489297E7A4F0068B4A8 /* EditItemViewController.swift in Sources */,
				FA492A8B2917AB4200E92F9A /* NavVC.swift in Sources */,
				FAB21B582B77C20400395E6A /* TabbedViewController.swift in Sources */,
				FAFA449D297FEE460068B4A8 /* EditMoodsViewController.swift in Sources */,
				FAFA448B297E89760068B4A8 /* EditMoodCell.swift in Sources */,
				FA17A1D12B78EAC7004C294E /* SenseSkillCell.swift in Sources */,
				FA492A9E2918C21700E92F9A /* MoodsItem.swift in Sources */,
				FA1CC9C0292692A400CDA101 /* DayOverviewViewController.swift in Sources */,
				FAA414AF2B791C6F004EEA57 /* SenseManager.swift in Sources */,
				FA492A9C2918A22F00E92F9A /* AuthManager.swift in Sources */,
				FAB21B662B78C64B00395E6A /* SenseViewController.swift in Sources */,
				FA20D5E1290B9F8F0068332C /* WelcomeViewController.swift in Sources */,
				FADEC5182B7BA84A00197E8D /* SenseView.swift in Sources */,
				FA492A942917E23100E92F9A /* Moods.swift in Sources */,
				FA1630F8291A351B0092721A /* DeleteAccountViewController.swift in Sources */,
				FA1630F6291A1CE00092721A /* SettingsViewController.swift in Sources */,
				FA3B566B290BBCDE00FBA068 /* CustomViews.swift in Sources */,
				FABDC4D22B7E089300970BDF /* LearnItemCell.swift in Sources */,
				FA492AA9291951A800E92F9A /* HomeItemCell.swift in Sources */,
				FAB21B682B78D0DF00395E6A /* SenseOptionsViewController.swift in Sources */,
				FABDC4CC2B7DF2FE00970BDF /* LearnBaseViewController.swift in Sources */,
				FA20D5DD290B9F8F0068332C /* AppDelegate.swift in Sources */,
				FA7F42D3291D78E300C6EA2C /* Quote.swift in Sources */,
				FABDC4D02B7E07BA00970BDF /* LearnViewController.swift in Sources */,
				FA492A9A2918964400E92F9A /* Mood.swift in Sources */,
				FABDC4C02B7DBC4800970BDF /* TextField.swift in Sources */,
				FABDC4BC2B7DB52800970BDF /* BreatheOptionsViewController.swift in Sources */,
				FAB21B622B7856B400395E6A /* ChartManager.swift in Sources */,
				FA492A98291822FE00E92F9A /* AddItemViewController.swift in Sources */,
				FABDC4C22B7DD1AE00970BDF /* Defaults.swift in Sources */,
				FA1630FA291A58FC0092721A /* HomeMoodCell.swift in Sources */,
				FA492AAB291951D900E92F9A /* MoodCollectionCell.swift in Sources */,
				FA492A8F2917B91800E92F9A /* CreateAccountViewController.swift in Sources */,
				FA1CC9BE29268F6A00CDA101 /* DayHeader.swift in Sources */,
				FAB21B5E2B784B1800395E6A /* ChartLegendCell.swift in Sources */,
				FAB21B5C2B77D0ED00395E6A /* BreatheViewController.swift in Sources */,
				FA492AA02919506F00E92F9A /* MoodsManager.swift in Sources */,
				FA492A912917DD2400E92F9A /* SelectMoodsViewController.swift in Sources */,
				FAB21B642B785CF900395E6A /* ChartLegend.swift in Sources */,
				FAB21B5A2B77C58F00395E6A /* CopeViewController.swift in Sources */,
				FAB21B602B7854A500395E6A /* MoodDetailsViewController.swift in Sources */,
				FA492A892917845A00E92F9A /* LoginViewController.swift in Sources */,
				FABDC4BE2B7DB69200970BDF /* BreatheOptionView.swift in Sources */,
				FA492A8D2917AC7600E92F9A /* HomeViewController.swift in Sources */,
				FABDC4C62B7DE22800970BDF /* ModalPullBar.swift in Sources */,
				FA492A962917F80E00E92F9A /* Colors.swift in Sources */,
				FA20D5DF290B9F8F0068332C /* SceneDelegate.swift in Sources */,
				FA4327F82B79A97400C8079E /* SenseItem.swift in Sources */,
			);
			runOnlyForDeploymentPostprocessing = 0;
		};
		FA20D5EB290B9FA90068332C /* Sources */ = {
			isa = PBXSourcesBuildPhase;
			buildActionMask = 2147483647;
			files = (
				FA20D5F4290B9FA90068332C /* MoodTrackerTests.swift in Sources */,
			);
			runOnlyForDeploymentPostprocessing = 0;
		};
		FA20D5F5290B9FAA0068332C /* Sources */ = {
			isa = PBXSourcesBuildPhase;
			buildActionMask = 2147483647;
			files = (
				FA20D600290B9FAA0068332C /* MoodTrackerUITestsLaunchTests.swift in Sources */,
				FA20D5FE290B9FAA0068332C /* MoodTrackerUITests.swift in Sources */,
			);
			runOnlyForDeploymentPostprocessing = 0;
		};
/* End PBXSourcesBuildPhase section */

/* Begin PBXTargetDependency section */
		FA20D5F1290B9FA90068332C /* PBXTargetDependency */ = {
			isa = PBXTargetDependency;
			target = FA20D5D8290B9F8F0068332C /* MoodTracker */;
			targetProxy = FA20D5F0290B9FA90068332C /* PBXContainerItemProxy */;
		};
		FA20D5FB290B9FAA0068332C /* PBXTargetDependency */ = {
			isa = PBXTargetDependency;
			target = FA20D5D8290B9F8F0068332C /* MoodTracker */;
			targetProxy = FA20D5FA290B9FAA0068332C /* PBXContainerItemProxy */;
		};
/* End PBXTargetDependency section */

/* Begin PBXVariantGroup section */
		FA20D5E7290B9FA60068332C /* LaunchScreen.storyboard */ = {
			isa = PBXVariantGroup;
			children = (
				FA20D5E8290B9FA60068332C /* Base */,
			);
			name = LaunchScreen.storyboard;
			sourceTree = "<group>";
		};
/* End PBXVariantGroup section */

/* Begin XCBuildConfiguration section */
		FA20D601290B9FAA0068332C /* Debug */ = {
			isa = XCBuildConfiguration;
			buildSettings = {
				ALWAYS_SEARCH_USER_PATHS = NO;
				CLANG_ANALYZER_NONNULL = YES;
				CLANG_ANALYZER_NUMBER_OBJECT_CONVERSION = YES_AGGRESSIVE;
				CLANG_CXX_LANGUAGE_STANDARD = "gnu++17";
				CLANG_ENABLE_MODULES = YES;
				CLANG_ENABLE_OBJC_ARC = YES;
				CLANG_ENABLE_OBJC_WEAK = YES;
				CLANG_WARN_BLOCK_CAPTURE_AUTORELEASING = YES;
				CLANG_WARN_BOOL_CONVERSION = YES;
				CLANG_WARN_COMMA = YES;
				CLANG_WARN_CONSTANT_CONVERSION = YES;
				CLANG_WARN_DEPRECATED_OBJC_IMPLEMENTATIONS = YES;
				CLANG_WARN_DIRECT_OBJC_ISA_USAGE = YES_ERROR;
				CLANG_WARN_DOCUMENTATION_COMMENTS = YES;
				CLANG_WARN_EMPTY_BODY = YES;
				CLANG_WARN_ENUM_CONVERSION = YES;
				CLANG_WARN_INFINITE_RECURSION = YES;
				CLANG_WARN_INT_CONVERSION = YES;
				CLANG_WARN_NON_LITERAL_NULL_CONVERSION = YES;
				CLANG_WARN_OBJC_IMPLICIT_RETAIN_SELF = YES;
				CLANG_WARN_OBJC_LITERAL_CONVERSION = YES;
				CLANG_WARN_OBJC_ROOT_CLASS = YES_ERROR;
				CLANG_WARN_QUOTED_INCLUDE_IN_FRAMEWORK_HEADER = YES;
				CLANG_WARN_RANGE_LOOP_ANALYSIS = YES;
				CLANG_WARN_STRICT_PROTOTYPES = YES;
				CLANG_WARN_SUSPICIOUS_MOVE = YES;
				CLANG_WARN_UNGUARDED_AVAILABILITY = YES_AGGRESSIVE;
				CLANG_WARN_UNREACHABLE_CODE = YES;
				CLANG_WARN__DUPLICATE_METHOD_MATCH = YES;
				COPY_PHASE_STRIP = NO;
				DEBUG_INFORMATION_FORMAT = dwarf;
				ENABLE_STRICT_OBJC_MSGSEND = YES;
				ENABLE_TESTABILITY = YES;
				GCC_C_LANGUAGE_STANDARD = gnu11;
				GCC_DYNAMIC_NO_PIC = NO;
				GCC_NO_COMMON_BLOCKS = YES;
				GCC_OPTIMIZATION_LEVEL = 0;
				GCC_PREPROCESSOR_DEFINITIONS = (
					"DEBUG=1",
					"$(inherited)",
				);
				GCC_WARN_64_TO_32_BIT_CONVERSION = YES;
				GCC_WARN_ABOUT_RETURN_TYPE = YES_ERROR;
				GCC_WARN_UNDECLARED_SELECTOR = YES;
				GCC_WARN_UNINITIALIZED_AUTOS = YES_AGGRESSIVE;
				GCC_WARN_UNUSED_FUNCTION = YES;
				GCC_WARN_UNUSED_VARIABLE = YES;
				IPHONEOS_DEPLOYMENT_TARGET = 15.5;
				MTL_ENABLE_DEBUG_INFO = INCLUDE_SOURCE;
				MTL_FAST_MATH = YES;
				ONLY_ACTIVE_ARCH = YES;
				SDKROOT = iphoneos;
				SWIFT_ACTIVE_COMPILATION_CONDITIONS = DEBUG;
				SWIFT_OPTIMIZATION_LEVEL = "-Onone";
			};
			name = Debug;
		};
		FA20D602290B9FAA0068332C /* Release */ = {
			isa = XCBuildConfiguration;
			buildSettings = {
				ALWAYS_SEARCH_USER_PATHS = NO;
				CLANG_ANALYZER_NONNULL = YES;
				CLANG_ANALYZER_NUMBER_OBJECT_CONVERSION = YES_AGGRESSIVE;
				CLANG_CXX_LANGUAGE_STANDARD = "gnu++17";
				CLANG_ENABLE_MODULES = YES;
				CLANG_ENABLE_OBJC_ARC = YES;
				CLANG_ENABLE_OBJC_WEAK = YES;
				CLANG_WARN_BLOCK_CAPTURE_AUTORELEASING = YES;
				CLANG_WARN_BOOL_CONVERSION = YES;
				CLANG_WARN_COMMA = YES;
				CLANG_WARN_CONSTANT_CONVERSION = YES;
				CLANG_WARN_DEPRECATED_OBJC_IMPLEMENTATIONS = YES;
				CLANG_WARN_DIRECT_OBJC_ISA_USAGE = YES_ERROR;
				CLANG_WARN_DOCUMENTATION_COMMENTS = YES;
				CLANG_WARN_EMPTY_BODY = YES;
				CLANG_WARN_ENUM_CONVERSION = YES;
				CLANG_WARN_INFINITE_RECURSION = YES;
				CLANG_WARN_INT_CONVERSION = YES;
				CLANG_WARN_NON_LITERAL_NULL_CONVERSION = YES;
				CLANG_WARN_OBJC_IMPLICIT_RETAIN_SELF = YES;
				CLANG_WARN_OBJC_LITERAL_CONVERSION = YES;
				CLANG_WARN_OBJC_ROOT_CLASS = YES_ERROR;
				CLANG_WARN_QUOTED_INCLUDE_IN_FRAMEWORK_HEADER = YES;
				CLANG_WARN_RANGE_LOOP_ANALYSIS = YES;
				CLANG_WARN_STRICT_PROTOTYPES = YES;
				CLANG_WARN_SUSPICIOUS_MOVE = YES;
				CLANG_WARN_UNGUARDED_AVAILABILITY = YES_AGGRESSIVE;
				CLANG_WARN_UNREACHABLE_CODE = YES;
				CLANG_WARN__DUPLICATE_METHOD_MATCH = YES;
				COPY_PHASE_STRIP = NO;
				DEBUG_INFORMATION_FORMAT = "dwarf-with-dsym";
				ENABLE_NS_ASSERTIONS = NO;
				ENABLE_STRICT_OBJC_MSGSEND = YES;
				GCC_C_LANGUAGE_STANDARD = gnu11;
				GCC_NO_COMMON_BLOCKS = YES;
				GCC_WARN_64_TO_32_BIT_CONVERSION = YES;
				GCC_WARN_ABOUT_RETURN_TYPE = YES_ERROR;
				GCC_WARN_UNDECLARED_SELECTOR = YES;
				GCC_WARN_UNINITIALIZED_AUTOS = YES_AGGRESSIVE;
				GCC_WARN_UNUSED_FUNCTION = YES;
				GCC_WARN_UNUSED_VARIABLE = YES;
				IPHONEOS_DEPLOYMENT_TARGET = 15.5;
				MTL_ENABLE_DEBUG_INFO = NO;
				MTL_FAST_MATH = YES;
				SDKROOT = iphoneos;
				SWIFT_COMPILATION_MODE = wholemodule;
				SWIFT_OPTIMIZATION_LEVEL = "-O";
				VALIDATE_PRODUCT = YES;
			};
			name = Release;
		};
		FA20D604290B9FAA0068332C /* Debug */ = {
			isa = XCBuildConfiguration;
			buildSettings = {
				ASSETCATALOG_COMPILER_APPICON_NAME = AppIcon;
				ASSETCATALOG_COMPILER_GLOBAL_ACCENT_COLOR_NAME = AccentColor;
				CODE_SIGN_ENTITLEMENTS = MoodTracker/MoodTracker.entitlements;
				CODE_SIGN_IDENTITY = "Apple Development";
				CODE_SIGN_STYLE = Automatic;
				CURRENT_PROJECT_VERSION = 3;
				DEVELOPMENT_TEAM = TX4WW8TVSW;
				GENERATE_INFOPLIST_FILE = YES;
				INFOPLIST_FILE = MoodTracker/Info.plist;
				INFOPLIST_KEY_CFBundleDisplayName = Mudi;
				INFOPLIST_KEY_UIApplicationSupportsIndirectInputEvents = YES;
				INFOPLIST_KEY_UILaunchStoryboardName = LaunchScreen.storyboard;
				INFOPLIST_KEY_UIMainStoryboardFile = "";
				INFOPLIST_KEY_UISupportedInterfaceOrientations = UIInterfaceOrientationPortrait;
				INFOPLIST_KEY_UISupportedInterfaceOrientations_iPad = "UIInterfaceOrientationPortrait UIInterfaceOrientationPortraitUpsideDown";
				IPHONEOS_DEPLOYMENT_TARGET = 15.0;
				LD_RUNPATH_SEARCH_PATHS = (
					"$(inherited)",
					"@executable_path/Frameworks",
				);
				MARKETING_VERSION = 1.0.4;
				PRODUCT_BUNDLE_IDENTIFIER = com.emcassi.MoodTracker;
				PRODUCT_NAME = "$(TARGET_NAME)";
				PROVISIONING_PROFILE_SPECIFIER = "";
				SUPPORTED_PLATFORMS = "iphoneos iphonesimulator";
				SUPPORTS_MACCATALYST = NO;
				SUPPORTS_MAC_DESIGNED_FOR_IPHONE_IPAD = NO;
				SWIFT_EMIT_LOC_STRINGS = YES;
				SWIFT_VERSION = 5.0;
				TARGETED_DEVICE_FAMILY = 1;
			};
			name = Debug;
		};
		FA20D605290B9FAA0068332C /* Release */ = {
			isa = XCBuildConfiguration;
			buildSettings = {
				ASSETCATALOG_COMPILER_APPICON_NAME = AppIcon;
				ASSETCATALOG_COMPILER_GLOBAL_ACCENT_COLOR_NAME = AccentColor;
				CODE_SIGN_ENTITLEMENTS = MoodTracker/MoodTracker.entitlements;
				CODE_SIGN_IDENTITY = "Apple Development";
				CODE_SIGN_STYLE = Automatic;
				CURRENT_PROJECT_VERSION = 3;
				DEVELOPMENT_TEAM = TX4WW8TVSW;
				GENERATE_INFOPLIST_FILE = YES;
				INFOPLIST_FILE = MoodTracker/Info.plist;
				INFOPLIST_KEY_CFBundleDisplayName = Mudi;
				INFOPLIST_KEY_UIApplicationSupportsIndirectInputEvents = YES;
				INFOPLIST_KEY_UILaunchStoryboardName = LaunchScreen.storyboard;
				INFOPLIST_KEY_UIMainStoryboardFile = "";
				INFOPLIST_KEY_UISupportedInterfaceOrientations = UIInterfaceOrientationPortrait;
				INFOPLIST_KEY_UISupportedInterfaceOrientations_iPad = "UIInterfaceOrientationPortrait UIInterfaceOrientationPortraitUpsideDown";
				IPHONEOS_DEPLOYMENT_TARGET = 15.0;
				LD_RUNPATH_SEARCH_PATHS = (
					"$(inherited)",
					"@executable_path/Frameworks",
				);
				MARKETING_VERSION = 1.0.4;
				PRODUCT_BUNDLE_IDENTIFIER = com.emcassi.MoodTracker;
				PRODUCT_NAME = "$(TARGET_NAME)";
				PROVISIONING_PROFILE_SPECIFIER = "";
				SUPPORTED_PLATFORMS = "iphoneos iphonesimulator";
				SUPPORTS_MACCATALYST = NO;
				SUPPORTS_MAC_DESIGNED_FOR_IPHONE_IPAD = NO;
				SWIFT_EMIT_LOC_STRINGS = YES;
				SWIFT_VERSION = 5.0;
				TARGETED_DEVICE_FAMILY = 1;
			};
			name = Release;
		};
		FA20D607290B9FAA0068332C /* Debug */ = {
			isa = XCBuildConfiguration;
			buildSettings = {
				ALWAYS_EMBED_SWIFT_STANDARD_LIBRARIES = YES;
				BUNDLE_LOADER = "$(TEST_HOST)";
				CODE_SIGN_STYLE = Automatic;
				CURRENT_PROJECT_VERSION = 1;
				DEVELOPMENT_TEAM = TX4WW8TVSW;
				GENERATE_INFOPLIST_FILE = YES;
				IPHONEOS_DEPLOYMENT_TARGET = 15.5;
				MARKETING_VERSION = 1.0;
				PRODUCT_BUNDLE_IDENTIFIER = com.emcassi.MoodTrackerTests;
				PRODUCT_NAME = "$(TARGET_NAME)";
				SWIFT_EMIT_LOC_STRINGS = NO;
				SWIFT_VERSION = 5.0;
				TARGETED_DEVICE_FAMILY = "1,2";
				TEST_HOST = "$(BUILT_PRODUCTS_DIR)/MoodTracker.app/MoodTracker";
			};
			name = Debug;
		};
		FA20D608290B9FAA0068332C /* Release */ = {
			isa = XCBuildConfiguration;
			buildSettings = {
				ALWAYS_EMBED_SWIFT_STANDARD_LIBRARIES = YES;
				BUNDLE_LOADER = "$(TEST_HOST)";
				CODE_SIGN_STYLE = Automatic;
				CURRENT_PROJECT_VERSION = 1;
				DEVELOPMENT_TEAM = TX4WW8TVSW;
				GENERATE_INFOPLIST_FILE = YES;
				IPHONEOS_DEPLOYMENT_TARGET = 15.5;
				MARKETING_VERSION = 1.0;
				PRODUCT_BUNDLE_IDENTIFIER = com.emcassi.MoodTrackerTests;
				PRODUCT_NAME = "$(TARGET_NAME)";
				SWIFT_EMIT_LOC_STRINGS = NO;
				SWIFT_VERSION = 5.0;
				TARGETED_DEVICE_FAMILY = "1,2";
				TEST_HOST = "$(BUILT_PRODUCTS_DIR)/MoodTracker.app/MoodTracker";
			};
			name = Release;
		};
		FA20D60A290B9FAA0068332C /* Debug */ = {
			isa = XCBuildConfiguration;
			buildSettings = {
				ALWAYS_EMBED_SWIFT_STANDARD_LIBRARIES = YES;
				CODE_SIGN_STYLE = Automatic;
				CURRENT_PROJECT_VERSION = 1;
				DEVELOPMENT_TEAM = TX4WW8TVSW;
				GENERATE_INFOPLIST_FILE = YES;
				MARKETING_VERSION = 1.0;
				PRODUCT_BUNDLE_IDENTIFIER = com.emcassi.MoodTrackerUITests;
				PRODUCT_NAME = "$(TARGET_NAME)";
				SWIFT_EMIT_LOC_STRINGS = NO;
				SWIFT_VERSION = 5.0;
				TARGETED_DEVICE_FAMILY = "1,2";
				TEST_TARGET_NAME = MoodTracker;
			};
			name = Debug;
		};
		FA20D60B290B9FAA0068332C /* Release */ = {
			isa = XCBuildConfiguration;
			buildSettings = {
				ALWAYS_EMBED_SWIFT_STANDARD_LIBRARIES = YES;
				CODE_SIGN_STYLE = Automatic;
				CURRENT_PROJECT_VERSION = 1;
				DEVELOPMENT_TEAM = TX4WW8TVSW;
				GENERATE_INFOPLIST_FILE = YES;
				MARKETING_VERSION = 1.0;
				PRODUCT_BUNDLE_IDENTIFIER = com.emcassi.MoodTrackerUITests;
				PRODUCT_NAME = "$(TARGET_NAME)";
				SWIFT_EMIT_LOC_STRINGS = NO;
				SWIFT_VERSION = 5.0;
				TARGETED_DEVICE_FAMILY = "1,2";
				TEST_TARGET_NAME = MoodTracker;
			};
			name = Release;
		};
/* End XCBuildConfiguration section */

/* Begin XCConfigurationList section */
		FA20D5D4290B9F8E0068332C /* Build configuration list for PBXProject "MoodTracker" */ = {
			isa = XCConfigurationList;
			buildConfigurations = (
				FA20D601290B9FAA0068332C /* Debug */,
				FA20D602290B9FAA0068332C /* Release */,
			);
			defaultConfigurationIsVisible = 0;
			defaultConfigurationName = Release;
		};
		FA20D603290B9FAA0068332C /* Build configuration list for PBXNativeTarget "MoodTracker" */ = {
			isa = XCConfigurationList;
			buildConfigurations = (
				FA20D604290B9FAA0068332C /* Debug */,
				FA20D605290B9FAA0068332C /* Release */,
			);
			defaultConfigurationIsVisible = 0;
			defaultConfigurationName = Release;
		};
		FA20D606290B9FAA0068332C /* Build configuration list for PBXNativeTarget "MoodTrackerTests" */ = {
			isa = XCConfigurationList;
			buildConfigurations = (
				FA20D607290B9FAA0068332C /* Debug */,
				FA20D608290B9FAA0068332C /* Release */,
			);
			defaultConfigurationIsVisible = 0;
			defaultConfigurationName = Release;
		};
		FA20D609290B9FAA0068332C /* Build configuration list for PBXNativeTarget "MoodTrackerUITests" */ = {
			isa = XCConfigurationList;
			buildConfigurations = (
				FA20D60A290B9FAA0068332C /* Debug */,
				FA20D60B290B9FAA0068332C /* Release */,
			);
			defaultConfigurationIsVisible = 0;
			defaultConfigurationName = Release;
		};
/* End XCConfigurationList section */

/* Begin XCRemoteSwiftPackageReference section */
		FA1CC9C129269FEA00CDA101 /* XCRemoteSwiftPackageReference "Charts" */ = {
			isa = XCRemoteSwiftPackageReference;
			repositoryURL = "https://github.com/danielgindi/Charts.git";
			requirement = {
				branch = master;
				kind = branch;
			};
		};
		FA3B5663290BB6EC00FBA068 /* XCRemoteSwiftPackageReference "firebase-ios-sdk" */ = {
			isa = XCRemoteSwiftPackageReference;
			repositoryURL = "https://github.com/firebase/firebase-ios-sdk";
			requirement = {
				branch = master;
				kind = branch;
			};
		};
		FABDC4C72B7DF21B00970BDF /* XCRemoteSwiftPackageReference "MarkdownKit" */ = {
			isa = XCRemoteSwiftPackageReference;
			repositoryURL = "https://github.com/bmoliveira/MarkdownKit";
			requirement = {
				kind = upToNextMajorVersion;
				minimumVersion = 1.7.1;
			};
		};
		FAFA448C297F75590068B4A8 /* XCRemoteSwiftPackageReference "facebook-ios-sdk" */ = {
			isa = XCRemoteSwiftPackageReference;
			repositoryURL = "https://github.com/facebook/facebook-ios-sdk";
			requirement = {
				kind = upToNextMajorVersion;
				minimumVersion = 9.0.0;
			};
		};
		FAFA4492297F89B20068B4A8 /* XCRemoteSwiftPackageReference "GoogleSignIn-iOS" */ = {
			isa = XCRemoteSwiftPackageReference;
			repositoryURL = "https://github.com/google/GoogleSignIn-iOS";
			requirement = {
				kind = upToNextMajorVersion;
				minimumVersion = 7.0.0;
			};
		};
/* End XCRemoteSwiftPackageReference section */

/* Begin XCSwiftPackageProductDependency section */
		FA1CC9C229269FEA00CDA101 /* Charts */ = {
			isa = XCSwiftPackageProductDependency;
			package = FA1CC9C129269FEA00CDA101 /* XCRemoteSwiftPackageReference "Charts" */;
			productName = Charts;
		};
		FA3B5664290BB6EC00FBA068 /* FirebaseAnalytics */ = {
			isa = XCSwiftPackageProductDependency;
			package = FA3B5663290BB6EC00FBA068 /* XCRemoteSwiftPackageReference "firebase-ios-sdk" */;
			productName = FirebaseAnalytics;
		};
		FA3B5666290BB6EC00FBA068 /* FirebaseAuth */ = {
			isa = XCSwiftPackageProductDependency;
			package = FA3B5663290BB6EC00FBA068 /* XCRemoteSwiftPackageReference "firebase-ios-sdk" */;
			productName = FirebaseAuth;
		};
		FA3B5668290BB6EC00FBA068 /* FirebaseFirestore */ = {
			isa = XCSwiftPackageProductDependency;
			package = FA3B5663290BB6EC00FBA068 /* XCRemoteSwiftPackageReference "firebase-ios-sdk" */;
			productName = FirebaseFirestore;
		};
		FABDC4C82B7DF21B00970BDF /* MarkdownKit */ = {
			isa = XCSwiftPackageProductDependency;
			package = FABDC4C72B7DF21B00970BDF /* XCRemoteSwiftPackageReference "MarkdownKit" */;
			productName = MarkdownKit;
		};
		FAFA448D297F75590068B4A8 /* FacebookCore */ = {
			isa = XCSwiftPackageProductDependency;
			package = FAFA448C297F75590068B4A8 /* XCRemoteSwiftPackageReference "facebook-ios-sdk" */;
			productName = FacebookCore;
		};
		FAFA448F297F75590068B4A8 /* FacebookLogin */ = {
			isa = XCSwiftPackageProductDependency;
			package = FAFA448C297F75590068B4A8 /* XCRemoteSwiftPackageReference "facebook-ios-sdk" */;
			productName = FacebookLogin;
		};
		FAFA4493297F89B20068B4A8 /* GoogleSignIn */ = {
			isa = XCSwiftPackageProductDependency;
			package = FAFA4492297F89B20068B4A8 /* XCRemoteSwiftPackageReference "GoogleSignIn-iOS" */;
			productName = GoogleSignIn;
		};
/* End XCSwiftPackageProductDependency section */
	};
	rootObject = FA20D5D1290B9F8E0068332C /* Project object */;
}
